{
  "version": 4,
  "terraform_version": "1.5.7",
  "serial": 18,
  "lineage": "2b7ba841-d5fd-4143-f3c6-9ea964d7b4f7",
  "outputs": {},
  "resources": [
    {
      "mode": "managed",
      "type": "google_container_cluster",
      "name": "primary",
      "provider": "provider[\"registry.terraform.io/hashicorp/google\"]",
      "instances": [
        {
          "schema_version": 1,
          "attributes": {
            "addons_config": [
              {
                "cloudrun_config": [],
                "config_connector_config": [],
                "dns_cache_config": [],
                "gce_persistent_disk_csi_driver_config": [
                  {
                    "enabled": true
                  }
                ],
                "gcp_filestore_csi_driver_config": [],
                "gcs_fuse_csi_driver_config": [],
                "gke_backup_agent_config": [],
                "horizontal_pod_autoscaling": [],
                "http_load_balancing": [],
                "network_policy_config": [
                  {
                    "disabled": true
                  }
                ]
              }
            ],
            "allow_net_admin": null,
            "authenticator_groups_config": [],
            "binary_authorization": [
              {
                "enabled": false,
                "evaluation_mode": ""
              }
            ],
            "cluster_autoscaling": [
              {
                "auto_provisioning_defaults": [],
                "enabled": false,
                "resource_limits": []
              }
            ],
            "cluster_ipv4_cidr": "10.8.0.0/14",
            "confidential_nodes": [],
            "cost_management_config": [],
            "database_encryption": [
              {
                "key_name": "",
                "state": "DECRYPTED"
              }
            ],
            "datapath_provider": "",
            "default_max_pods_per_node": null,
            "default_snat_status": [
              {
                "disabled": false
              }
            ],
            "description": "",
            "dns_config": [],
            "enable_autopilot": false,
            "enable_binary_authorization": false,
            "enable_intranode_visibility": false,
            "enable_k8s_beta_apis": [],
            "enable_kubernetes_alpha": false,
            "enable_l4_ilb_subsetting": false,
            "enable_legacy_abac": false,
            "enable_shielded_nodes": true,
            "enable_tpu": false,
            "endpoint": "34.77.84.112",
            "gateway_api_config": [],
            "id": "projects/terraformpractice-400622/locations/europe-west1-b/clusters/terraform-node-cluster",
            "initial_node_count": 1,
            "ip_allocation_policy": [],
            "label_fingerprint": "a9dc16a7",
            "location": "europe-west1-b",
            "logging_config": [
              {
                "enable_components": [
                  "SYSTEM_COMPONENTS",
                  "WORKLOADS"
                ]
              }
            ],
            "logging_service": "logging.googleapis.com/kubernetes",
            "maintenance_policy": [],
            "master_auth": [
              {
                "client_certificate": "",
                "client_certificate_config": [
                  {
                    "issue_client_certificate": false
                  }
                ],
                "client_key": "",
                "cluster_ca_certificate": "LS0tLS1CRUdJTiBDRVJUSUZJQ0FURS0tLS0tCk1JSUVMRENDQXBTZ0F3SUJBZ0lRZGQxbWpmOEZ1c09DajB6bmUzSUl1REFOQmdrcWhraUc5dzBCQVFzRkFEQXYKTVMwd0t3WURWUVFERXlSaU9XVTNOVEl6TlMweE1tTTBMVFJtWVRFdE9HRmlaQzB3WW1RNFpHTmpOalkzWWpRdwpJQmNOTWpNeE1EQXhNakl4TnpVNVdoZ1BNakExTXpBNU1qTXlNekUzTlRsYU1DOHhMVEFyQmdOVkJBTVRKR0k1ClpUYzFNak0xTFRFeVl6UXROR1poTVMwNFlXSmtMVEJpWkRoa1kyTTJOamRpTkRDQ0FhSXdEUVlKS29aSWh2Y04KQVFFQkJRQURnZ0dQQURDQ0FZb0NnZ0dCQUxNY2NSWG9NeWxoZDFYeDIwRTM0VU9mUVhYWVIrQ1N5aEZ6djNsRwptSEVGZVp0YXNDZElweWZZL1hIVEdCaTlCRUNVbm5qTFV6U2k1MURpanBlK2p6M0NHRjRwTEl1YXZnSnBRRGNDCmFMdEhqMnlWUlNlb21nZDM5bDBFbExkTGk4QWNBYzBVLzhJOUtTb2F6SmlVRmQ1SkZudzlkdjlIYzFwdEVlSHAKVXQ4Mmc0elBUelE2ODJpekNPek1EVzlZakJldzY5anJzSFFOZHR5d2tMbUJVRmx4cDBYZUhiVGxRKzRkNWhucgowRU9CMDRVUlQzUktza1hDTFJ0Qmp3QXJIeWJvMFliSUhZcStyWSs0ZkFPQUJadFdjMlpUMXRFYVdqY0FmaERnCkY4V1d3VDF6WE9BQVFmSzlxMG1BZWdXYk11NlY2aUlmUXprNHN1ZFZEdWhUcWxYZ2ZQUEVBZENBdXpnRDU4L2sKQ1UwbHREc3lPRVA3QnZZSTRDbHl0L1lZTFJkLzdYK05EK2J4NVJ1QUM4MW9PQWVJcDJ3bHRxMkdXM044eitSOAowbGErYWRzNWlHR0xIMVIwV0wwbkJOZElSU0ppYW54dzRDZSticGhiYTFyRG9YWkhmU0VWZWZ2K1ovMWNZeWpLCkJNbzRKSnRmZGdBOVBDMUdtVjFodVFUQTZRSURBUUFCbzBJd1FEQU9CZ05WSFE4QkFmOEVCQU1DQWdRd0R3WUQKVlIwVEFRSC9CQVV3QXdFQi96QWRCZ05WSFE0RUZnUVVkNDFNcnFnKzdTN1ZvcXdqNlZqY0I1OE1qeWt3RFFZSgpLb1pJaHZjTkFRRUxCUUFEZ2dHQkFHNGFKN3JpQWNEeHBOUTV6bVpuVmIzNlErUGkzY25TYVFhZjRiUVhqTEFRClBxNW1kU245TkQydW1Cb3FVTm1uOEF1QmtrVXNVdnNiUTFPZmlINjlPaHRLRzNhSUU4WnYvQnA1QjY4WVhnNzMKZ0RxdzdvWjFDM0R4RFYxZFdTRmJWMHpOc01lLy9FUjBTM1VBQzJobTE2SlMzSnRyMWV6ZzdISHMyTzRHcTBwcQpPK2xYa1FsVnhZZUk4TTJoUHo3VWpRZ3p1cmphWHBsQlBiY09vWSs0QitpYzZYcitkSFhkb0ROVjBqR2h5TmZ6CkVVOHJDZTRnYk9MSCtwOEU3elpWK2Y0SXFNRVdkSzlOQW5haUpENERqcUFtK2JRWjU5djFUVVlpUDlQVU5zV2MKVXpwd0U3aGIrNTltRFhjMWRuaG1YMjZKYTJja1ZraXhMVmdJYmdKTWU3R1RjVXhjODN0OXlLN0M0bDAvcE5ibQpWUzBGeXVSeEFlOXd3OHcxQ3RqbG81VXdOcG1UVHd0Z0VCN2RJamdLR3Z3YmxTRFpVZEo2djRvdEFxMkYyd2RZClk2S1B0d1RJYmNVZzFvTjV3S0NIT2lxdHE2WVRWanB3SWlHZXVZQ1FXRG5mRW16bm5pQVJ3b2hQRVloUmdjdkIKcFRsWGNWVGdGM0E0TFVSdjNQZ1htZz09Ci0tLS0tRU5EIENFUlRJRklDQVRFLS0tLS0K"
              }
            ],
            "master_authorized_networks_config": [],
            "master_version": "1.27.3-gke.100",
            "mesh_certificates": [],
            "min_master_version": null,
            "monitoring_config": [
              {
                "advanced_datapath_observability_config": [
                  {
                    "enable_metrics": false,
                    "relay_mode": "DISABLED"
                  }
                ],
                "enable_components": [
                  "SYSTEM_COMPONENTS"
                ],
                "managed_prometheus": [
                  {
                    "enabled": true
                  }
                ]
              }
            ],
            "monitoring_service": "monitoring.googleapis.com/kubernetes",
            "name": "terraform-node-cluster",
            "network": "projects/terraformpractice-400622/global/networks/default",
            "network_policy": [
              {
                "enabled": false,
                "provider": "PROVIDER_UNSPECIFIED"
              }
            ],
            "networking_mode": "ROUTES",
            "node_config": [
              {
                "advanced_machine_features": [],
                "boot_disk_kms_key": "",
                "confidential_nodes": [],
                "disk_size_gb": 100,
                "disk_type": "pd-balanced",
                "ephemeral_storage_local_ssd_config": [],
                "fast_socket": [],
                "gcfs_config": [],
                "guest_accelerator": [],
                "gvnic": [],
                "host_maintenance_policy": [],
                "image_type": "COS_CONTAINERD",
                "kubelet_config": [],
                "labels": {},
                "linux_node_config": [],
                "local_nvme_ssd_block_config": [],
                "local_ssd_count": 0,
                "logging_variant": "DEFAULT",
                "machine_type": "e2-medium",
                "metadata": {
                  "disable-legacy-endpoints": "true"
                },
                "min_cpu_platform": "",
                "node_group": "",
                "oauth_scopes": [
                  "https://www.googleapis.com/auth/devstorage.read_only",
                  "https://www.googleapis.com/auth/logging.write",
                  "https://www.googleapis.com/auth/monitoring",
                  "https://www.googleapis.com/auth/service.management.readonly",
                  "https://www.googleapis.com/auth/servicecontrol",
                  "https://www.googleapis.com/auth/trace.append"
                ],
                "preemptible": false,
                "reservation_affinity": [],
                "resource_labels": {},
                "service_account": "default",
                "shielded_instance_config": [
                  {
                    "enable_integrity_monitoring": true,
                    "enable_secure_boot": false
                  }
                ],
                "sole_tenant_config": [],
                "spot": false,
                "tags": [],
                "taint": [],
                "workload_metadata_config": []
              }
            ],
            "node_locations": [],
            "node_pool": [
              {
                "autoscaling": [],
                "initial_node_count": 1,
                "instance_group_urls": [
                  "https://www.googleapis.com/compute/v1/projects/terraformpractice-400622/zones/europe-west1-b/instanceGroupManagers/gke-terraform-node-clust-default-pool-6bf134a4-grp"
                ],
                "managed_instance_group_urls": [
                  "https://www.googleapis.com/compute/v1/projects/terraformpractice-400622/zones/europe-west1-b/instanceGroups/gke-terraform-node-clust-default-pool-6bf134a4-grp"
                ],
                "management": [
                  {
                    "auto_repair": true,
                    "auto_upgrade": true
                  }
                ],
                "max_pods_per_node": 0,
                "name": "default-pool",
                "name_prefix": "",
                "network_config": [
                  {
                    "create_pod_range": false,
                    "enable_private_nodes": false,
                    "pod_cidr_overprovision_config": [],
                    "pod_ipv4_cidr_block": "",
                    "pod_range": ""
                  }
                ],
                "node_config": [
                  {
                    "advanced_machine_features": [],
                    "boot_disk_kms_key": "",
                    "confidential_nodes": [],
                    "disk_size_gb": 100,
                    "disk_type": "pd-balanced",
                    "ephemeral_storage_local_ssd_config": [],
                    "fast_socket": [],
                    "gcfs_config": [],
                    "guest_accelerator": [],
                    "gvnic": [],
                    "host_maintenance_policy": [],
                    "image_type": "COS_CONTAINERD",
                    "kubelet_config": [],
                    "labels": {},
                    "linux_node_config": [],
                    "local_nvme_ssd_block_config": [],
                    "local_ssd_count": 0,
                    "logging_variant": "DEFAULT",
                    "machine_type": "e2-medium",
                    "metadata": {
                      "disable-legacy-endpoints": "true"
                    },
                    "min_cpu_platform": "",
                    "node_group": "",
                    "oauth_scopes": [
                      "https://www.googleapis.com/auth/devstorage.read_only",
                      "https://www.googleapis.com/auth/logging.write",
                      "https://www.googleapis.com/auth/monitoring",
                      "https://www.googleapis.com/auth/service.management.readonly",
                      "https://www.googleapis.com/auth/servicecontrol",
                      "https://www.googleapis.com/auth/trace.append"
                    ],
                    "preemptible": false,
                    "reservation_affinity": [],
                    "resource_labels": {},
                    "service_account": "default",
                    "shielded_instance_config": [
                      {
                        "enable_integrity_monitoring": true,
                        "enable_secure_boot": false
                      }
                    ],
                    "sole_tenant_config": [],
                    "spot": false,
                    "tags": [],
                    "taint": [],
                    "workload_metadata_config": []
                  }
                ],
                "node_count": 1,
                "node_locations": [
                  "europe-west1-b"
                ],
                "placement_policy": [],
                "upgrade_settings": [
                  {
                    "blue_green_settings": [],
                    "max_surge": 1,
                    "max_unavailable": 0,
                    "strategy": "SURGE"
                  }
                ],
                "version": "1.27.3-gke.100"
              }
            ],
            "node_pool_auto_config": [],
            "node_pool_defaults": [
              {
                "node_config_defaults": [
                  {
                    "logging_variant": "DEFAULT"
                  }
                ]
              }
            ],
            "node_version": "1.27.3-gke.100",
            "notification_config": [
              {
                "pubsub": [
                  {
                    "enabled": false,
                    "filter": [],
                    "topic": ""
                  }
                ]
              }
            ],
            "operation": null,
            "private_cluster_config": [
              {
                "enable_private_endpoint": false,
                "enable_private_nodes": false,
                "master_global_access_config": [
                  {
                    "enabled": false
                  }
                ],
                "master_ipv4_cidr_block": "",
                "peering_name": "",
                "private_endpoint": "10.132.0.4",
                "private_endpoint_subnetwork": "",
                "public_endpoint": "34.77.84.112"
              }
            ],
            "private_ipv6_google_access": "",
            "project": "terraformpractice-400622",
            "release_channel": [
              {
                "channel": "REGULAR"
              }
            ],
            "remove_default_node_pool": null,
            "resource_labels": {},
            "resource_usage_export_config": [],
            "security_posture_config": [
              {
                "mode": "BASIC",
                "vulnerability_mode": "VULNERABILITY_MODE_UNSPECIFIED"
              }
            ],
            "self_link": "https://container.googleapis.com/v1/projects/terraformpractice-400622/zones/europe-west1-b/clusters/terraform-node-cluster",
            "service_external_ips_config": [
              {
                "enabled": false
              }
            ],
            "services_ipv4_cidr": "10.11.240.0/20",
            "subnetwork": "projects/terraformpractice-400622/regions/europe-west1/subnetworks/default",
            "timeouts": null,
            "tpu_ipv4_cidr_block": "",
            "vertical_pod_autoscaling": [],
            "workload_identity_config": []
          },
          "sensitive_attributes": [],
          "private": "eyJlMmJmYjczMC1lY2FhLTExZTYtOGY4OC0zNDM2M2JjN2M0YzAiOnsiY3JlYXRlIjoyNDAwMDAwMDAwMDAwLCJkZWxldGUiOjI0MDAwMDAwMDAwMDAsInJlYWQiOjI0MDAwMDAwMDAwMDAsInVwZGF0ZSI6MzYwMDAwMDAwMDAwMH0sInNjaGVtYV92ZXJzaW9uIjoiMSJ9"
        }
      ]
    },
    {
      "mode": "managed",
      "type": "google_container_registry",
      "name": "registry",
      "provider": "provider[\"registry.terraform.io/hashicorp/google\"]",
      "instances": [
        {
          "schema_version": 0,
          "attributes": {
            "bucket_self_link": "https://www.googleapis.com/storage/v1/b/eu.artifacts.terraformpractice-400622.appspot.com",
            "id": "eu.artifacts.terraformpractice-400622.appspot.com",
            "location": "EU",
            "project": "terraformpractice-400622"
          },
          "sensitive_attributes": [],
          "private": "bnVsbA=="
        }
      ]
    },
    {
      "mode": "managed",
      "type": "google_storage_bucket_iam_member",
      "name": "owner",
      "provider": "provider[\"registry.terraform.io/hashicorp/google\"]",
      "instances": [
        {
          "schema_version": 0,
          "attributes": {
            "bucket": "b/eu.artifacts.terraformpractice-400622.appspot.com",
            "condition": [],
            "etag": "CAQ=",
            "id": "b/eu.artifacts.terraformpractice-400622.appspot.com/roles/storage.admin/user:ashrafatef.de@gmail.com",
            "member": "user:ashrafatef.de@gmail.com",
            "role": "roles/storage.admin"
          },
          "sensitive_attributes": [],
          "private": "bnVsbA==",
          "dependencies": [
            "google_container_registry.registry"
          ]
        }
      ]
    }
  ],
  "check_results": null
}
