{
  "version": 4,
  "terraform_version": "1.5.7",
  "serial": 3,
  "lineage": "2b7ba841-d5fd-4143-f3c6-9ea964d7b4f7",
  "outputs": {},
  "resources": [
    {
      "mode": "managed",
      "type": "google_container_cluster",
      "name": "primary",
      "provider": "provider[\"registry.terraform.io/hashicorp/google\"]",
      "instances": [
        {
          "schema_version": 1,
          "attributes": {
            "addons_config": [
              {
                "cloudrun_config": [],
                "config_connector_config": [],
                "dns_cache_config": [],
                "gce_persistent_disk_csi_driver_config": [
                  {
                    "enabled": true
                  }
                ],
                "gcp_filestore_csi_driver_config": [],
                "gcs_fuse_csi_driver_config": [],
                "gke_backup_agent_config": [],
                "horizontal_pod_autoscaling": [],
                "http_load_balancing": [],
                "network_policy_config": [
                  {
                    "disabled": true
                  }
                ]
              }
            ],
            "allow_net_admin": null,
            "authenticator_groups_config": [],
            "binary_authorization": [
              {
                "enabled": false,
                "evaluation_mode": ""
              }
            ],
            "cluster_autoscaling": [
              {
                "auto_provisioning_defaults": [],
                "enabled": false,
                "resource_limits": []
              }
            ],
            "cluster_ipv4_cidr": "10.16.0.0/14",
            "confidential_nodes": [],
            "cost_management_config": [],
            "database_encryption": [
              {
                "key_name": "",
                "state": "DECRYPTED"
              }
            ],
            "datapath_provider": "",
            "default_max_pods_per_node": null,
            "default_snat_status": [
              {
                "disabled": false
              }
            ],
            "description": "",
            "dns_config": [],
            "enable_autopilot": false,
            "enable_binary_authorization": false,
            "enable_intranode_visibility": false,
            "enable_k8s_beta_apis": [],
            "enable_kubernetes_alpha": false,
            "enable_l4_ilb_subsetting": false,
            "enable_legacy_abac": false,
            "enable_shielded_nodes": true,
            "enable_tpu": false,
            "endpoint": "34.140.185.220",
            "gateway_api_config": [],
            "id": "projects/terraformpractice-400622/locations/europe-west1-b/clusters/ashraf-cluster",
            "initial_node_count": 1,
            "ip_allocation_policy": [],
            "label_fingerprint": "a9dc16a7",
            "location": "europe-west1-b",
            "logging_config": [
              {
                "enable_components": [
                  "SYSTEM_COMPONENTS",
                  "WORKLOADS"
                ]
              }
            ],
            "logging_service": "logging.googleapis.com/kubernetes",
            "maintenance_policy": [],
            "master_auth": [
              {
                "client_certificate": "",
                "client_certificate_config": [
                  {
                    "issue_client_certificate": false
                  }
                ],
                "client_key": "",
                "cluster_ca_certificate": "LS0tLS1CRUdJTiBDRVJUSUZJQ0FURS0tLS0tCk1JSUVMVENDQXBXZ0F3SUJBZ0lSQU1rTUFzbnIrUUQ5YmVYWHBZR3psOW93RFFZSktvWklodmNOQVFFTEJRQXcKTHpFdE1Dc0dBMVVFQXhNa01HTmtNelUyTnpndE5XUm1NUzAwWTJFekxUaGxZVEl0WkRFM1pUYzFOVFJsWVRjNQpNQ0FYRFRJek1UQXdNVEF3TVRrME1Wb1lEekl3TlRNd09USXpNREV4T1RReFdqQXZNUzB3S3dZRFZRUURFeVF3ClkyUXpOVFkzT0MwMVpHWXhMVFJqWVRNdE9HVmhNaTFrTVRkbE56VTFOR1ZoTnprd2dnR2lNQTBHQ1NxR1NJYjMKRFFFQkFRVUFBNElCandBd2dnR0tBb0lCZ1FDMVZJWTBta0hKYk5sNEFKTnhjbldSVDhMb0dDQnJsSGpCcjQ4aApNd3JJZXRPMmNPeEtHNlN6ODVJY3d3eHRxQVUvV0YvaURhY041cHdraVZXWDZRNXdNODZTUXNhSFpJNFhvZVd3Cm54Zm5EWElGSnpxWXdPSXFCczdZeGlGY3ZNb2R3MnhZQ1ZRSEFpb3MybkJwM293SU44WTNOTmtqNVVhekpXU1MKWVRDbDVaTWtleDY0RlU4a2RwVDFlT1l5NVFXMVZmLzQwZjlLbU9GTDVlU3dJYVRQMGE4dGYvZ1ROWkIrRWZxaQppRFVJd1dERnpuZW5lQzlOTVBtV2VKZGtXU0gzU0FjMnJudGVKZUtrTEJCQzNIUWN3ZEdSeE9CS29aZTlyYkdHCnF1dk1CWXNjbXc1VlQ5ZCs0bm8wM0FHM09JMkxtTXRLUzlRc3lGMFcxbjRFc1RDT29mOTdJelBDRXVvb1JXa0gKeGJGcGNkY21IeVkwVCswS01pMlhBdEhSY2Uvc0xXZlhjUGkrakFSdnRJbWFvaktIYXB5VGFmZ0FXM1BaK3dPVwpwRHU2a0hMditwa1FoRDhrTVNzeEcycHNvUW42bW1la09haUJYeENVeVRmTzA2Z0xWcHllTHZROG00V3dkVEo2CjBzTDgxRll0blZ5dnRuRFlRaVdSVndjVU5lRUNBd0VBQWFOQ01FQXdEZ1lEVlIwUEFRSC9CQVFEQWdJRU1BOEcKQTFVZEV3RUIvd1FGTUFNQkFmOHdIUVlEVlIwT0JCWUVGTVpQY3M1TWxNNWMxdWgwcGhxZU5uOGZYU3k0TUEwRwpDU3FHU0liM0RRRUJDd1VBQTRJQmdRQ3FKdlVuZG0rUWt6NytXd0p6S3RpQTBzUFRseng3aHVsVGtVSEpnc0o1CnFPY0poZXd1UzdjYzFIaW1Qd0NyazM2VTQxUXp2S1RIMFVjcndZa2pYZ2pJdWNGNWtwY0xEZnAvdXlqRkFONWwKU3JjcTEzek1QSUhJZk9Jdzg5Ky80WG1lYjdiYVBmSFVDTWFIUFdYdzIvK3lhUWlTUG5pYUlrNSt5RGhOUFMyUgpaSEpicno1ejA4Qm1SN1hUalFwOVNhZzdKQ1AzV1hIQjF4UVlwbVVMUm02eWF3TVoyRUs1VVlURWRoNWlDQk5YCldhYzhrandPV01CQS9vMGkrenMwbEtQdlUwQnBQY1lTTkVPMDNxTHFyNW9pYnQvMjV2MnlJblFReXB2a3RUcEsKMWdLcHlUMFp2ZWJmaldjN3pEWlZGc3Y2cDVlRVNraTMzRE5SdUc2S3laOUJJZVpjZ3dveTl1S2wzUk5hSi95SgpVWGNGLy9vR0p0QmhnRS9hbCtlM1kwa3ZuQVVrdC9kdytpTWdqMTRiMkJKaVBxQXNEMXpjWHdKNlRSVTM2Wk01CnpkUk8xNy9ieXIzaDlyZmFZeldhaWQ1Tk5wdzRlVzM1RWZwS3ZiRmQyV09BRE9RR201V01vdmI2M0J0R3hsS2QKY25VYmprMjd6M1FpajhhdWF3NklSMEE9Ci0tLS0tRU5EIENFUlRJRklDQVRFLS0tLS0K"
              }
            ],
            "master_authorized_networks_config": [],
            "master_version": "1.27.3-gke.100",
            "mesh_certificates": [],
            "min_master_version": null,
            "monitoring_config": [
              {
                "advanced_datapath_observability_config": [
                  {
                    "enable_metrics": false,
                    "relay_mode": "DISABLED"
                  }
                ],
                "enable_components": [
                  "SYSTEM_COMPONENTS"
                ],
                "managed_prometheus": [
                  {
                    "enabled": true
                  }
                ]
              }
            ],
            "monitoring_service": "monitoring.googleapis.com/kubernetes",
            "name": "ashraf-cluster",
            "network": "projects/terraformpractice-400622/global/networks/default",
            "network_policy": [
              {
                "enabled": false,
                "provider": "PROVIDER_UNSPECIFIED"
              }
            ],
            "networking_mode": "ROUTES",
            "node_config": [
              {
                "advanced_machine_features": [],
                "boot_disk_kms_key": "",
                "confidential_nodes": [],
                "disk_size_gb": 100,
                "disk_type": "pd-balanced",
                "ephemeral_storage_local_ssd_config": [],
                "fast_socket": [],
                "gcfs_config": [],
                "guest_accelerator": [],
                "gvnic": [],
                "host_maintenance_policy": [],
                "image_type": "COS_CONTAINERD",
                "kubelet_config": [],
                "labels": {},
                "linux_node_config": [],
                "local_nvme_ssd_block_config": [],
                "local_ssd_count": 0,
                "logging_variant": "DEFAULT",
                "machine_type": "e2-medium",
                "metadata": {
                  "disable-legacy-endpoints": "true"
                },
                "min_cpu_platform": "",
                "node_group": "",
                "oauth_scopes": [
                  "https://www.googleapis.com/auth/devstorage.read_only",
                  "https://www.googleapis.com/auth/logging.write",
                  "https://www.googleapis.com/auth/monitoring",
                  "https://www.googleapis.com/auth/service.management.readonly",
                  "https://www.googleapis.com/auth/servicecontrol",
                  "https://www.googleapis.com/auth/trace.append"
                ],
                "preemptible": false,
                "reservation_affinity": [],
                "resource_labels": {},
                "service_account": "default",
                "shielded_instance_config": [
                  {
                    "enable_integrity_monitoring": true,
                    "enable_secure_boot": false
                  }
                ],
                "sole_tenant_config": [],
                "spot": false,
                "tags": [],
                "taint": [],
                "workload_metadata_config": []
              }
            ],
            "node_locations": [],
            "node_pool": [
              {
                "autoscaling": [],
                "initial_node_count": 1,
                "instance_group_urls": [
                  "https://www.googleapis.com/compute/v1/projects/terraformpractice-400622/zones/europe-west1-b/instanceGroupManagers/gke-ashraf-cluster-default-pool-71ccffcf-grp"
                ],
                "managed_instance_group_urls": [
                  "https://www.googleapis.com/compute/v1/projects/terraformpractice-400622/zones/europe-west1-b/instanceGroups/gke-ashraf-cluster-default-pool-71ccffcf-grp"
                ],
                "management": [
                  {
                    "auto_repair": true,
                    "auto_upgrade": true
                  }
                ],
                "max_pods_per_node": 0,
                "name": "default-pool",
                "name_prefix": "",
                "network_config": [
                  {
                    "create_pod_range": false,
                    "enable_private_nodes": false,
                    "pod_cidr_overprovision_config": [],
                    "pod_ipv4_cidr_block": "",
                    "pod_range": ""
                  }
                ],
                "node_config": [
                  {
                    "advanced_machine_features": [],
                    "boot_disk_kms_key": "",
                    "confidential_nodes": [],
                    "disk_size_gb": 100,
                    "disk_type": "pd-balanced",
                    "ephemeral_storage_local_ssd_config": [],
                    "fast_socket": [],
                    "gcfs_config": [],
                    "guest_accelerator": [],
                    "gvnic": [],
                    "host_maintenance_policy": [],
                    "image_type": "COS_CONTAINERD",
                    "kubelet_config": [],
                    "labels": {},
                    "linux_node_config": [],
                    "local_nvme_ssd_block_config": [],
                    "local_ssd_count": 0,
                    "logging_variant": "DEFAULT",
                    "machine_type": "e2-medium",
                    "metadata": {
                      "disable-legacy-endpoints": "true"
                    },
                    "min_cpu_platform": "",
                    "node_group": "",
                    "oauth_scopes": [
                      "https://www.googleapis.com/auth/devstorage.read_only",
                      "https://www.googleapis.com/auth/logging.write",
                      "https://www.googleapis.com/auth/monitoring",
                      "https://www.googleapis.com/auth/service.management.readonly",
                      "https://www.googleapis.com/auth/servicecontrol",
                      "https://www.googleapis.com/auth/trace.append"
                    ],
                    "preemptible": false,
                    "reservation_affinity": [],
                    "resource_labels": {},
                    "service_account": "default",
                    "shielded_instance_config": [
                      {
                        "enable_integrity_monitoring": true,
                        "enable_secure_boot": false
                      }
                    ],
                    "sole_tenant_config": [],
                    "spot": false,
                    "tags": [],
                    "taint": [],
                    "workload_metadata_config": []
                  }
                ],
                "node_count": 1,
                "node_locations": [
                  "europe-west1-b"
                ],
                "placement_policy": [],
                "upgrade_settings": [
                  {
                    "blue_green_settings": [],
                    "max_surge": 1,
                    "max_unavailable": 0,
                    "strategy": "SURGE"
                  }
                ],
                "version": "1.27.3-gke.100"
              }
            ],
            "node_pool_auto_config": [],
            "node_pool_defaults": [
              {
                "node_config_defaults": [
                  {
                    "logging_variant": "DEFAULT"
                  }
                ]
              }
            ],
            "node_version": "1.27.3-gke.100",
            "notification_config": [
              {
                "pubsub": [
                  {
                    "enabled": false,
                    "filter": [],
                    "topic": ""
                  }
                ]
              }
            ],
            "operation": null,
            "private_cluster_config": [
              {
                "enable_private_endpoint": false,
                "enable_private_nodes": false,
                "master_global_access_config": [
                  {
                    "enabled": false
                  }
                ],
                "master_ipv4_cidr_block": "",
                "peering_name": "",
                "private_endpoint": "10.132.0.2",
                "private_endpoint_subnetwork": "",
                "public_endpoint": "34.140.185.220"
              }
            ],
            "private_ipv6_google_access": "",
            "project": "terraformpractice-400622",
            "release_channel": [
              {
                "channel": "REGULAR"
              }
            ],
            "remove_default_node_pool": null,
            "resource_labels": null,
            "resource_usage_export_config": [],
            "security_posture_config": [
              {
                "mode": "BASIC",
                "vulnerability_mode": "VULNERABILITY_MODE_UNSPECIFIED"
              }
            ],
            "self_link": "https://container.googleapis.com/v1/projects/terraformpractice-400622/zones/europe-west1-b/clusters/ashraf-cluster",
            "service_external_ips_config": [
              {
                "enabled": false
              }
            ],
            "services_ipv4_cidr": "10.19.240.0/20",
            "subnetwork": "projects/terraformpractice-400622/regions/europe-west1/subnetworks/default",
            "timeouts": null,
            "tpu_ipv4_cidr_block": "",
            "vertical_pod_autoscaling": [],
            "workload_identity_config": []
          },
          "sensitive_attributes": [],
          "private": "eyJlMmJmYjczMC1lY2FhLTExZTYtOGY4OC0zNDM2M2JjN2M0YzAiOnsiY3JlYXRlIjoyNDAwMDAwMDAwMDAwLCJkZWxldGUiOjI0MDAwMDAwMDAwMDAsInJlYWQiOjI0MDAwMDAwMDAwMDAsInVwZGF0ZSI6MzYwMDAwMDAwMDAwMH0sInNjaGVtYV92ZXJzaW9uIjoiMSJ9"
        }
      ]
    }
  ],
  "check_results": null
}
