{
  "version": 4,
  "terraform_version": "1.5.7",
  "serial": 64,
  "lineage": "2b7ba841-d5fd-4143-f3c6-9ea964d7b4f7",
  "outputs": {},
  "resources": [
    {
      "mode": "data",
      "type": "google_client_config",
      "name": "default",
      "provider": "provider[\"registry.terraform.io/hashicorp/google\"]",
      "instances": [
        {
          "schema_version": 0,
          "attributes": {
            "access_token": "ya29.c.b0Aaekm1JWeHE4BLS54tJNiv7iM1rHRqfkE728HPbqn5j5tTqs0EtDJmY9AWy1QFgEziONaV2uUHOaJp1Cr-I-4cAWb6lqWNfC1QameYWD25q8G3B6yFkCURjqUbac9mLgxrCbngmmfdv2CjPWC546CQFnLwD-1XIT7WcCjugotMUfINRWKSBy2hccT0PBX-1DGStCcNIkvHj24igfI99vK2FU7spE9wbF6if0G0IvKTWrKlEYg4c0dbCnXfqsfdKUXpPDDsfU8zWWLg62u2UhEOT4wXOn7FXeyds31Jsl3Lbw_tRvsCKJxOBTf5wvPuuMl4ZwEEinoDK5jFndT345CuFzm7bqc1YJY8v1X3pQhdqssgxjpylU_7xI4eFSU_djuRtz0iIzQBfpF-_ZYQspqRaV5qSzlxehsYlQw10MVrr7ofF7RfSq9t46nkdh4cqY8BIheMMxfjnbI9Win6bbR9JZjVkiv22fUXRd6qJx63i8mgu1mbcbfqcfYn82I0xJojF8Q9WoSi4Rp7FkI3sUS227lznJcQJnjWrI5RUhqUe24lRt_daBuFk1MOrkijXOVkJZb03IzQVYus2F40Usf5ZYJl9yzV2re5i04-z1B7VxgF9wI1FBuZn3qYwVB5rm_qe72RrvJcF064eyfe3Ivpna1eXhjRqd_Wxweh9ZuZby8c9a-0stkYW5lkZxWvJ6kg5aO5t4ZtQoXs-qaBXQXVi3JY4W0Mhm-_mw1J2wolyRSw1_0QtxmuwvqyBfsoqOQ8vjfsmgYvQXvcQnOMSxm4ote_VRUvX1Vs0FlR98VReIi9WUhYpebSIgkIVr75nYtcthn_c7MYuaj2JFprWcwf-pqjqkRIfW0gkwMOFgV3UbuulqdreVmMgsw_F91Vcv5WxXgUypj0ep0ZSJ6qW1dOSIUnatf1UZm-aFdi0_OVyIV0weZ5ok1uIqI8Rt1jxZfVZWaz6mZXQUghfMO7tVb0-lnuIdaO17MVWZ2cw-Z8OlBm1_achMqSx",
            "id": "projects/\"terraformpractice-400622\"/regions/\"europe-west1-b\"/zones/\u003cnull\u003e",
            "project": "terraformpractice-400622",
            "region": "europe-west1-b",
            "zone": null
          },
          "sensitive_attributes": []
        }
      ]
    },
    {
      "mode": "data",
      "type": "google_container_cluster",
      "name": "my_cluster",
      "provider": "provider[\"registry.terraform.io/hashicorp/google\"]",
      "instances": [
        {
          "schema_version": 0,
          "attributes": {
            "addons_config": [
              {
                "cloudrun_config": [],
                "config_connector_config": [],
                "dns_cache_config": [],
                "gce_persistent_disk_csi_driver_config": [
                  {
                    "enabled": true
                  }
                ],
                "gcp_filestore_csi_driver_config": [],
                "gcs_fuse_csi_driver_config": [],
                "gke_backup_agent_config": [],
                "horizontal_pod_autoscaling": [],
                "http_load_balancing": [],
                "network_policy_config": [
                  {
                    "disabled": true
                  }
                ]
              }
            ],
            "allow_net_admin": null,
            "authenticator_groups_config": [],
            "binary_authorization": [
              {
                "enabled": false,
                "evaluation_mode": ""
              }
            ],
            "cluster_autoscaling": [
              {
                "auto_provisioning_defaults": [],
                "enabled": false,
                "resource_limits": []
              }
            ],
            "cluster_ipv4_cidr": "10.8.0.0/14",
            "confidential_nodes": [],
            "cost_management_config": [],
            "database_encryption": [
              {
                "key_name": "",
                "state": "DECRYPTED"
              }
            ],
            "datapath_provider": "",
            "default_max_pods_per_node": null,
            "default_snat_status": [
              {
                "disabled": false
              }
            ],
            "description": "",
            "dns_config": [],
            "enable_autopilot": false,
            "enable_binary_authorization": false,
            "enable_intranode_visibility": false,
            "enable_k8s_beta_apis": [],
            "enable_kubernetes_alpha": false,
            "enable_l4_ilb_subsetting": false,
            "enable_legacy_abac": false,
            "enable_shielded_nodes": true,
            "enable_tpu": false,
            "endpoint": "34.76.107.132",
            "gateway_api_config": [],
            "id": "projects/terraformpractice-400622/locations/europe-west1-b/clusters/terraform-node-cluster",
            "initial_node_count": 0,
            "ip_allocation_policy": [],
            "label_fingerprint": "a9dc16a7",
            "location": "europe-west1-b",
            "logging_config": [
              {
                "enable_components": [
                  "SYSTEM_COMPONENTS",
                  "WORKLOADS"
                ]
              }
            ],
            "logging_service": "logging.googleapis.com/kubernetes",
            "maintenance_policy": [],
            "master_auth": [
              {
                "client_certificate": "",
                "client_certificate_config": [
                  {
                    "issue_client_certificate": false
                  }
                ],
                "client_key": "",
                "cluster_ca_certificate": "LS0tLS1CRUdJTiBDRVJUSUZJQ0FURS0tLS0tCk1JSUVMVENDQXBXZ0F3SUJBZ0lSQU9BTFZxRExTcFMwSldxZ0RheGU1dU13RFFZSktvWklodmNOQVFFTEJRQXcKTHpFdE1Dc0dBMVVFQXhNa01qRmlZelZsT0RNdE5XWTFNQzAwTWpJd0xXRTFNemN0TURrMU0yVXpOemRsTmpkaApNQ0FYRFRJek1UQXdNekV4TXpZME1Wb1lEekl3TlRNd09USTFNVEl6TmpReFdqQXZNUzB3S3dZRFZRUURFeVF5Ck1XSmpOV1U0TXkwMVpqVXdMVFF5TWpBdFlUVXpOeTB3T1RVelpUTTNOMlUyTjJFd2dnR2lNQTBHQ1NxR1NJYjMKRFFFQkFRVUFBNElCandBd2dnR0tBb0lCZ1FDOURTWThWd05CdndYZm9nekticnZqanR4em5VOXpqdHM4bWcvcgplNm13ZlQ0ZnhpWVJjRzQ1UXJVZEREbXI4QldlaTRUTTVGMXR3Q3JWUXlsZVJQaEtKMWxHRlZoSS81a0pKbjdRCldpcFF2ZlJqeTNRalVJTlRQRGtmRkppS0JNVWxBeUZrZzcxMUd5eHpKQnluOFhCbTlLOGhZMTM4RDFRSXhWT0QKeDEza3dmM1FYNjhHYmtrNWV2dTRYU1RWcVNZNmNMblhRODFhSndkTmdRdHVwR295VGxrM3orWFlTREJoM0VabApON0hNTUdKejNPeHE0Y25Uc3IwZnM4WHBUTVkrczFmR2RvWmdaWmJYQVpiVTI2MTRtOHZuSkRnS2FrbmhmZlpjClNvTFNVWGpOdW1NaWxTU0dNMVRpRzgzNE5VQnE5cVduei9KZCtJb2dxV1FkNy9sSjZpMXRTeWVyaTBBZEZkNm0KRE44aUJZV0IzUThxSUJtcGhtdUtLemVDYmNUU2RqM0phRVBJaTU1YjNmTFl6eEVLQ2FNV3RFNzRMVU02b0ozawp0aVRiM09xb3FwTkJUbHAxL2g2bmVOa1ZhU3M1Z3BtUDRsNzBwd1FSbHpzc0tYb2ZjWnpJM2xZcEgwUG01WjkrCmFmQTdZeStlYjNZekJhTXVjRW9xWlN1VGxkVUNBd0VBQWFOQ01FQXdEZ1lEVlIwUEFRSC9CQVFEQWdJRU1BOEcKQTFVZEV3RUIvd1FGTUFNQkFmOHdIUVlEVlIwT0JCWUVGSzlHc2RESkpGb3BxWVMrL2hVWnRWMWZrbENVTUEwRwpDU3FHU0liM0RRRUJDd1VBQTRJQmdRQzVzSGlNOHBFN0pHdUJtS0hoNzlITjVzbU5yL2hjVEZKRXlLaDNtNlp6CnRHRFROYzRjMVE5YXplY3RyTUlySEd1YWV4VjRKVlZSYkRRNzRDcC9lYUpNR2V5RDAvZmp5aXIzYlBpSmxBZHMKbXRtcVhwS3BWQUpZMzEvRjFzdURRWTlyRVF1Y1o5WFloM29mSWVnelN0cVZsM2YwT0pPTTk2dndBTTdWMWhaRwp1S0VJc0JQZmZJc1ROVkNOMGNlRUlLMm10cnJuVTl0d09xUG9RdVYrdUdNbjFyM2cwT0FuQVhNUCtwVzFvU2J0CkpFcVBrNlBIMEl5Z2RwelJnSlhrK2x0N2xkNEtEQmI3Vm9qN2N2ZTFRSXJ1S3FWVE5wUWpKYmxBcG5YZVRqK1kKZWtQcFlIbEc4Z29ZR0I4MmhGZ216SHpRdlpIUXpyT2EyL0t4aWtJM1RnWC9MRCtpckhRL0tHM0VHZnNZN0FYcQorN3I4dWFBOGcrMXY3dWNZai82K0IrY01lWVFsQ3E3UXR4cjVTY3htZjdVSXFJNGJycFFSQjQvTzJEMG1EOHBoClg2YWdnNkRzbHdWSkM5VEZybjhqMEFBWGYxR1RGd1JmTVo2RWVpSUxLRGozek9KMTZpbUczVGEvL2ZtaUY2amsKS2gzOEMzQituempYYk1HS3RPSzlyMU09Ci0tLS0tRU5EIENFUlRJRklDQVRFLS0tLS0K"
              }
            ],
            "master_authorized_networks_config": [],
            "master_version": "1.27.3-gke.100",
            "mesh_certificates": [],
            "min_master_version": null,
            "monitoring_config": [
              {
                "advanced_datapath_observability_config": [
                  {
                    "enable_metrics": false,
                    "relay_mode": "DISABLED"
                  }
                ],
                "enable_components": [
                  "SYSTEM_COMPONENTS"
                ],
                "managed_prometheus": [
                  {
                    "enabled": true
                  }
                ]
              }
            ],
            "monitoring_service": "monitoring.googleapis.com/kubernetes",
            "name": "terraform-node-cluster",
            "network": "projects/terraformpractice-400622/global/networks/default",
            "network_policy": [
              {
                "enabled": false,
                "provider": "PROVIDER_UNSPECIFIED"
              }
            ],
            "networking_mode": "ROUTES",
            "node_config": [
              {
                "advanced_machine_features": [],
                "boot_disk_kms_key": "",
                "confidential_nodes": [],
                "disk_size_gb": 100,
                "disk_type": "pd-balanced",
                "ephemeral_storage_local_ssd_config": [],
                "fast_socket": [],
                "gcfs_config": [],
                "guest_accelerator": [],
                "gvnic": [],
                "host_maintenance_policy": [],
                "image_type": "COS_CONTAINERD",
                "kubelet_config": [],
                "labels": {},
                "linux_node_config": [],
                "local_nvme_ssd_block_config": [],
                "local_ssd_count": 0,
                "logging_variant": "DEFAULT",
                "machine_type": "e2-medium",
                "metadata": {
                  "disable-legacy-endpoints": "true"
                },
                "min_cpu_platform": "",
                "node_group": "",
                "oauth_scopes": [
                  "https://www.googleapis.com/auth/devstorage.read_only",
                  "https://www.googleapis.com/auth/logging.write",
                  "https://www.googleapis.com/auth/monitoring",
                  "https://www.googleapis.com/auth/service.management.readonly",
                  "https://www.googleapis.com/auth/servicecontrol",
                  "https://www.googleapis.com/auth/trace.append"
                ],
                "preemptible": false,
                "reservation_affinity": [],
                "resource_labels": {},
                "service_account": "default",
                "shielded_instance_config": [
                  {
                    "enable_integrity_monitoring": true,
                    "enable_secure_boot": false
                  }
                ],
                "sole_tenant_config": [],
                "spot": false,
                "tags": [],
                "taint": [],
                "workload_metadata_config": []
              }
            ],
            "node_locations": [],
            "node_pool": [
              {
                "autoscaling": [],
                "initial_node_count": 1,
                "instance_group_urls": [
                  "https://www.googleapis.com/compute/v1/projects/terraformpractice-400622/zones/europe-west1-b/instanceGroupManagers/gke-terraform-node-clust-default-pool-fc2ae158-grp"
                ],
                "managed_instance_group_urls": [
                  "https://www.googleapis.com/compute/v1/projects/terraformpractice-400622/zones/europe-west1-b/instanceGroups/gke-terraform-node-clust-default-pool-fc2ae158-grp"
                ],
                "management": [
                  {
                    "auto_repair": true,
                    "auto_upgrade": true
                  }
                ],
                "max_pods_per_node": 0,
                "name": "default-pool",
                "name_prefix": "",
                "network_config": [
                  {
                    "create_pod_range": false,
                    "enable_private_nodes": false,
                    "pod_cidr_overprovision_config": [],
                    "pod_ipv4_cidr_block": "",
                    "pod_range": ""
                  }
                ],
                "node_config": [
                  {
                    "advanced_machine_features": [],
                    "boot_disk_kms_key": "",
                    "confidential_nodes": [],
                    "disk_size_gb": 100,
                    "disk_type": "pd-balanced",
                    "ephemeral_storage_local_ssd_config": [],
                    "fast_socket": [],
                    "gcfs_config": [],
                    "guest_accelerator": [],
                    "gvnic": [],
                    "host_maintenance_policy": [],
                    "image_type": "COS_CONTAINERD",
                    "kubelet_config": [],
                    "labels": {},
                    "linux_node_config": [],
                    "local_nvme_ssd_block_config": [],
                    "local_ssd_count": 0,
                    "logging_variant": "DEFAULT",
                    "machine_type": "e2-medium",
                    "metadata": {
                      "disable-legacy-endpoints": "true"
                    },
                    "min_cpu_platform": "",
                    "node_group": "",
                    "oauth_scopes": [
                      "https://www.googleapis.com/auth/devstorage.read_only",
                      "https://www.googleapis.com/auth/logging.write",
                      "https://www.googleapis.com/auth/monitoring",
                      "https://www.googleapis.com/auth/service.management.readonly",
                      "https://www.googleapis.com/auth/servicecontrol",
                      "https://www.googleapis.com/auth/trace.append"
                    ],
                    "preemptible": false,
                    "reservation_affinity": [],
                    "resource_labels": {},
                    "service_account": "default",
                    "shielded_instance_config": [
                      {
                        "enable_integrity_monitoring": true,
                        "enable_secure_boot": false
                      }
                    ],
                    "sole_tenant_config": [],
                    "spot": false,
                    "tags": [],
                    "taint": [],
                    "workload_metadata_config": []
                  }
                ],
                "node_count": 1,
                "node_locations": [
                  "europe-west1-b"
                ],
                "placement_policy": [],
                "upgrade_settings": [
                  {
                    "blue_green_settings": [],
                    "max_surge": 1,
                    "max_unavailable": 0,
                    "strategy": "SURGE"
                  }
                ],
                "version": "1.27.3-gke.100"
              }
            ],
            "node_pool_auto_config": [],
            "node_pool_defaults": [
              {
                "node_config_defaults": [
                  {
                    "logging_variant": "DEFAULT"
                  }
                ]
              }
            ],
            "node_version": "1.27.3-gke.100",
            "notification_config": [
              {
                "pubsub": [
                  {
                    "enabled": false,
                    "filter": [],
                    "topic": ""
                  }
                ]
              }
            ],
            "operation": null,
            "private_cluster_config": [
              {
                "enable_private_endpoint": false,
                "enable_private_nodes": false,
                "master_global_access_config": [
                  {
                    "enabled": false
                  }
                ],
                "master_ipv4_cidr_block": "",
                "peering_name": "",
                "private_endpoint": "10.132.0.10",
                "private_endpoint_subnetwork": "",
                "public_endpoint": "34.76.107.132"
              }
            ],
            "private_ipv6_google_access": "",
            "project": "terraformpractice-400622",
            "release_channel": [
              {
                "channel": "REGULAR"
              }
            ],
            "remove_default_node_pool": null,
            "resource_labels": {},
            "resource_usage_export_config": [],
            "security_posture_config": [
              {
                "mode": "BASIC",
                "vulnerability_mode": "VULNERABILITY_MODE_UNSPECIFIED"
              }
            ],
            "self_link": "https://container.googleapis.com/v1/projects/terraformpractice-400622/zones/europe-west1-b/clusters/terraform-node-cluster",
            "service_external_ips_config": [
              {
                "enabled": false
              }
            ],
            "services_ipv4_cidr": "10.11.240.0/20",
            "subnetwork": "projects/terraformpractice-400622/regions/europe-west1/subnetworks/default",
            "tpu_ipv4_cidr_block": "",
            "vertical_pod_autoscaling": [],
            "workload_identity_config": []
          },
          "sensitive_attributes": []
        }
      ]
    },
    {
      "mode": "managed",
      "type": "google_container_cluster",
      "name": "primary",
      "provider": "provider[\"registry.terraform.io/hashicorp/google\"]",
      "instances": [
        {
          "schema_version": 1,
          "attributes": {
            "addons_config": [
              {
                "cloudrun_config": [],
                "config_connector_config": [],
                "dns_cache_config": [],
                "gce_persistent_disk_csi_driver_config": [
                  {
                    "enabled": true
                  }
                ],
                "gcp_filestore_csi_driver_config": [],
                "gcs_fuse_csi_driver_config": [],
                "gke_backup_agent_config": [],
                "horizontal_pod_autoscaling": [],
                "http_load_balancing": [],
                "network_policy_config": [
                  {
                    "disabled": true
                  }
                ]
              }
            ],
            "allow_net_admin": null,
            "authenticator_groups_config": [],
            "binary_authorization": [
              {
                "enabled": false,
                "evaluation_mode": ""
              }
            ],
            "cluster_autoscaling": [
              {
                "auto_provisioning_defaults": [],
                "enabled": false,
                "resource_limits": []
              }
            ],
            "cluster_ipv4_cidr": "10.8.0.0/14",
            "confidential_nodes": [],
            "cost_management_config": [],
            "database_encryption": [
              {
                "key_name": "",
                "state": "DECRYPTED"
              }
            ],
            "datapath_provider": "",
            "default_max_pods_per_node": null,
            "default_snat_status": [
              {
                "disabled": false
              }
            ],
            "description": "",
            "dns_config": [],
            "enable_autopilot": false,
            "enable_binary_authorization": false,
            "enable_intranode_visibility": false,
            "enable_k8s_beta_apis": [],
            "enable_kubernetes_alpha": false,
            "enable_l4_ilb_subsetting": false,
            "enable_legacy_abac": false,
            "enable_shielded_nodes": true,
            "enable_tpu": false,
            "endpoint": "34.76.107.132",
            "gateway_api_config": [],
            "id": "projects/terraformpractice-400622/locations/europe-west1-b/clusters/terraform-node-cluster",
            "initial_node_count": 0,
            "ip_allocation_policy": [],
            "label_fingerprint": "a9dc16a7",
            "location": "europe-west1-b",
            "logging_config": [
              {
                "enable_components": [
                  "SYSTEM_COMPONENTS",
                  "WORKLOADS"
                ]
              }
            ],
            "logging_service": "logging.googleapis.com/kubernetes",
            "maintenance_policy": [],
            "master_auth": [
              {
                "client_certificate": "",
                "client_certificate_config": [
                  {
                    "issue_client_certificate": false
                  }
                ],
                "client_key": "",
                "cluster_ca_certificate": "LS0tLS1CRUdJTiBDRVJUSUZJQ0FURS0tLS0tCk1JSUVMVENDQXBXZ0F3SUJBZ0lSQU9BTFZxRExTcFMwSldxZ0RheGU1dU13RFFZSktvWklodmNOQVFFTEJRQXcKTHpFdE1Dc0dBMVVFQXhNa01qRmlZelZsT0RNdE5XWTFNQzAwTWpJd0xXRTFNemN0TURrMU0yVXpOemRsTmpkaApNQ0FYRFRJek1UQXdNekV4TXpZME1Wb1lEekl3TlRNd09USTFNVEl6TmpReFdqQXZNUzB3S3dZRFZRUURFeVF5Ck1XSmpOV1U0TXkwMVpqVXdMVFF5TWpBdFlUVXpOeTB3T1RVelpUTTNOMlUyTjJFd2dnR2lNQTBHQ1NxR1NJYjMKRFFFQkFRVUFBNElCandBd2dnR0tBb0lCZ1FDOURTWThWd05CdndYZm9nekticnZqanR4em5VOXpqdHM4bWcvcgplNm13ZlQ0ZnhpWVJjRzQ1UXJVZEREbXI4QldlaTRUTTVGMXR3Q3JWUXlsZVJQaEtKMWxHRlZoSS81a0pKbjdRCldpcFF2ZlJqeTNRalVJTlRQRGtmRkppS0JNVWxBeUZrZzcxMUd5eHpKQnluOFhCbTlLOGhZMTM4RDFRSXhWT0QKeDEza3dmM1FYNjhHYmtrNWV2dTRYU1RWcVNZNmNMblhRODFhSndkTmdRdHVwR295VGxrM3orWFlTREJoM0VabApON0hNTUdKejNPeHE0Y25Uc3IwZnM4WHBUTVkrczFmR2RvWmdaWmJYQVpiVTI2MTRtOHZuSkRnS2FrbmhmZlpjClNvTFNVWGpOdW1NaWxTU0dNMVRpRzgzNE5VQnE5cVduei9KZCtJb2dxV1FkNy9sSjZpMXRTeWVyaTBBZEZkNm0KRE44aUJZV0IzUThxSUJtcGhtdUtLemVDYmNUU2RqM0phRVBJaTU1YjNmTFl6eEVLQ2FNV3RFNzRMVU02b0ozawp0aVRiM09xb3FwTkJUbHAxL2g2bmVOa1ZhU3M1Z3BtUDRsNzBwd1FSbHpzc0tYb2ZjWnpJM2xZcEgwUG01WjkrCmFmQTdZeStlYjNZekJhTXVjRW9xWlN1VGxkVUNBd0VBQWFOQ01FQXdEZ1lEVlIwUEFRSC9CQVFEQWdJRU1BOEcKQTFVZEV3RUIvd1FGTUFNQkFmOHdIUVlEVlIwT0JCWUVGSzlHc2RESkpGb3BxWVMrL2hVWnRWMWZrbENVTUEwRwpDU3FHU0liM0RRRUJDd1VBQTRJQmdRQzVzSGlNOHBFN0pHdUJtS0hoNzlITjVzbU5yL2hjVEZKRXlLaDNtNlp6CnRHRFROYzRjMVE5YXplY3RyTUlySEd1YWV4VjRKVlZSYkRRNzRDcC9lYUpNR2V5RDAvZmp5aXIzYlBpSmxBZHMKbXRtcVhwS3BWQUpZMzEvRjFzdURRWTlyRVF1Y1o5WFloM29mSWVnelN0cVZsM2YwT0pPTTk2dndBTTdWMWhaRwp1S0VJc0JQZmZJc1ROVkNOMGNlRUlLMm10cnJuVTl0d09xUG9RdVYrdUdNbjFyM2cwT0FuQVhNUCtwVzFvU2J0CkpFcVBrNlBIMEl5Z2RwelJnSlhrK2x0N2xkNEtEQmI3Vm9qN2N2ZTFRSXJ1S3FWVE5wUWpKYmxBcG5YZVRqK1kKZWtQcFlIbEc4Z29ZR0I4MmhGZ216SHpRdlpIUXpyT2EyL0t4aWtJM1RnWC9MRCtpckhRL0tHM0VHZnNZN0FYcQorN3I4dWFBOGcrMXY3dWNZai82K0IrY01lWVFsQ3E3UXR4cjVTY3htZjdVSXFJNGJycFFSQjQvTzJEMG1EOHBoClg2YWdnNkRzbHdWSkM5VEZybjhqMEFBWGYxR1RGd1JmTVo2RWVpSUxLRGozek9KMTZpbUczVGEvL2ZtaUY2amsKS2gzOEMzQituempYYk1HS3RPSzlyMU09Ci0tLS0tRU5EIENFUlRJRklDQVRFLS0tLS0K"
              }
            ],
            "master_authorized_networks_config": [],
            "master_version": "1.27.3-gke.100",
            "mesh_certificates": [],
            "min_master_version": null,
            "monitoring_config": [
              {
                "advanced_datapath_observability_config": [
                  {
                    "enable_metrics": false,
                    "relay_mode": "DISABLED"
                  }
                ],
                "enable_components": [
                  "SYSTEM_COMPONENTS"
                ],
                "managed_prometheus": [
                  {
                    "enabled": true
                  }
                ]
              }
            ],
            "monitoring_service": "monitoring.googleapis.com/kubernetes",
            "name": "terraform-node-cluster",
            "network": "projects/terraformpractice-400622/global/networks/default",
            "network_policy": [
              {
                "enabled": false,
                "provider": "PROVIDER_UNSPECIFIED"
              }
            ],
            "networking_mode": "ROUTES",
            "node_config": [
              {
                "advanced_machine_features": [],
                "boot_disk_kms_key": "",
                "confidential_nodes": [],
                "disk_size_gb": 100,
                "disk_type": "pd-balanced",
                "ephemeral_storage_local_ssd_config": [],
                "fast_socket": [],
                "gcfs_config": [],
                "guest_accelerator": [],
                "gvnic": [],
                "host_maintenance_policy": [],
                "image_type": "COS_CONTAINERD",
                "kubelet_config": [],
                "labels": {},
                "linux_node_config": [],
                "local_nvme_ssd_block_config": [],
                "local_ssd_count": 0,
                "logging_variant": "DEFAULT",
                "machine_type": "e2-medium",
                "metadata": {
                  "disable-legacy-endpoints": "true"
                },
                "min_cpu_platform": "",
                "node_group": "",
                "oauth_scopes": [
                  "https://www.googleapis.com/auth/devstorage.read_only",
                  "https://www.googleapis.com/auth/logging.write",
                  "https://www.googleapis.com/auth/monitoring",
                  "https://www.googleapis.com/auth/service.management.readonly",
                  "https://www.googleapis.com/auth/servicecontrol",
                  "https://www.googleapis.com/auth/trace.append"
                ],
                "preemptible": false,
                "reservation_affinity": [],
                "resource_labels": {},
                "service_account": "default",
                "shielded_instance_config": [
                  {
                    "enable_integrity_monitoring": true,
                    "enable_secure_boot": false
                  }
                ],
                "sole_tenant_config": [],
                "spot": false,
                "tags": [],
                "taint": [],
                "workload_metadata_config": []
              }
            ],
            "node_locations": [],
            "node_pool": [
              {
                "autoscaling": [],
                "initial_node_count": 1,
                "instance_group_urls": [
                  "https://www.googleapis.com/compute/v1/projects/terraformpractice-400622/zones/europe-west1-b/instanceGroupManagers/gke-terraform-node-clust-default-pool-fc2ae158-grp"
                ],
                "managed_instance_group_urls": [
                  "https://www.googleapis.com/compute/v1/projects/terraformpractice-400622/zones/europe-west1-b/instanceGroups/gke-terraform-node-clust-default-pool-fc2ae158-grp"
                ],
                "management": [
                  {
                    "auto_repair": true,
                    "auto_upgrade": true
                  }
                ],
                "max_pods_per_node": 0,
                "name": "default-pool",
                "name_prefix": "",
                "network_config": [
                  {
                    "create_pod_range": false,
                    "enable_private_nodes": false,
                    "pod_cidr_overprovision_config": [],
                    "pod_ipv4_cidr_block": "",
                    "pod_range": ""
                  }
                ],
                "node_config": [
                  {
                    "advanced_machine_features": [],
                    "boot_disk_kms_key": "",
                    "confidential_nodes": [],
                    "disk_size_gb": 100,
                    "disk_type": "pd-balanced",
                    "ephemeral_storage_local_ssd_config": [],
                    "fast_socket": [],
                    "gcfs_config": [],
                    "guest_accelerator": [],
                    "gvnic": [],
                    "host_maintenance_policy": [],
                    "image_type": "COS_CONTAINERD",
                    "kubelet_config": [],
                    "labels": {},
                    "linux_node_config": [],
                    "local_nvme_ssd_block_config": [],
                    "local_ssd_count": 0,
                    "logging_variant": "DEFAULT",
                    "machine_type": "e2-medium",
                    "metadata": {
                      "disable-legacy-endpoints": "true"
                    },
                    "min_cpu_platform": "",
                    "node_group": "",
                    "oauth_scopes": [
                      "https://www.googleapis.com/auth/devstorage.read_only",
                      "https://www.googleapis.com/auth/logging.write",
                      "https://www.googleapis.com/auth/monitoring",
                      "https://www.googleapis.com/auth/service.management.readonly",
                      "https://www.googleapis.com/auth/servicecontrol",
                      "https://www.googleapis.com/auth/trace.append"
                    ],
                    "preemptible": false,
                    "reservation_affinity": [],
                    "resource_labels": {},
                    "service_account": "default",
                    "shielded_instance_config": [
                      {
                        "enable_integrity_monitoring": true,
                        "enable_secure_boot": false
                      }
                    ],
                    "sole_tenant_config": [],
                    "spot": false,
                    "tags": [],
                    "taint": [],
                    "workload_metadata_config": []
                  }
                ],
                "node_count": 1,
                "node_locations": [
                  "europe-west1-b"
                ],
                "placement_policy": [],
                "upgrade_settings": [
                  {
                    "blue_green_settings": [],
                    "max_surge": 1,
                    "max_unavailable": 0,
                    "strategy": "SURGE"
                  }
                ],
                "version": "1.27.3-gke.100"
              }
            ],
            "node_pool_auto_config": [],
            "node_pool_defaults": [
              {
                "node_config_defaults": [
                  {
                    "logging_variant": "DEFAULT"
                  }
                ]
              }
            ],
            "node_version": "1.27.3-gke.100",
            "notification_config": [
              {
                "pubsub": [
                  {
                    "enabled": false,
                    "filter": [],
                    "topic": ""
                  }
                ]
              }
            ],
            "operation": null,
            "private_cluster_config": [
              {
                "enable_private_endpoint": false,
                "enable_private_nodes": false,
                "master_global_access_config": [
                  {
                    "enabled": false
                  }
                ],
                "master_ipv4_cidr_block": "",
                "peering_name": "",
                "private_endpoint": "10.132.0.10",
                "private_endpoint_subnetwork": "",
                "public_endpoint": "34.76.107.132"
              }
            ],
            "private_ipv6_google_access": "",
            "project": "terraformpractice-400622",
            "release_channel": [
              {
                "channel": "REGULAR"
              }
            ],
            "remove_default_node_pool": null,
            "resource_labels": {},
            "resource_usage_export_config": [],
            "security_posture_config": [
              {
                "mode": "BASIC",
                "vulnerability_mode": "VULNERABILITY_MODE_UNSPECIFIED"
              }
            ],
            "self_link": "https://container.googleapis.com/v1/projects/terraformpractice-400622/zones/europe-west1-b/clusters/terraform-node-cluster",
            "service_external_ips_config": [
              {
                "enabled": false
              }
            ],
            "services_ipv4_cidr": "10.11.240.0/20",
            "subnetwork": "projects/terraformpractice-400622/regions/europe-west1/subnetworks/default",
            "timeouts": null,
            "tpu_ipv4_cidr_block": "",
            "vertical_pod_autoscaling": [],
            "workload_identity_config": []
          },
          "sensitive_attributes": [],
          "private": "eyJlMmJmYjczMC1lY2FhLTExZTYtOGY4OC0zNDM2M2JjN2M0YzAiOnsiY3JlYXRlIjoyNDAwMDAwMDAwMDAwLCJkZWxldGUiOjI0MDAwMDAwMDAwMDAsInJlYWQiOjI0MDAwMDAwMDAwMDAsInVwZGF0ZSI6MzYwMDAwMDAwMDAwMH0sInNjaGVtYV92ZXJzaW9uIjoiMSJ9"
        }
      ]
    },
    {
      "mode": "managed",
      "type": "google_container_registry",
      "name": "registry",
      "provider": "provider[\"registry.terraform.io/hashicorp/google\"]",
      "instances": [
        {
          "schema_version": 0,
          "attributes": {
            "bucket_self_link": "https://www.googleapis.com/storage/v1/b/eu.artifacts.terraformpractice-400622.appspot.com",
            "id": "eu.artifacts.terraformpractice-400622.appspot.com",
            "location": "EU",
            "project": "terraformpractice-400622"
          },
          "sensitive_attributes": [],
          "private": "bnVsbA=="
        }
      ]
    },
    {
      "mode": "managed",
      "type": "google_storage_bucket_iam_member",
      "name": "owner",
      "provider": "provider[\"registry.terraform.io/hashicorp/google\"]",
      "instances": [
        {
          "schema_version": 0,
          "attributes": {
            "bucket": "b/eu.artifacts.terraformpractice-400622.appspot.com",
            "condition": [],
            "etag": "CAg=",
            "id": "b/eu.artifacts.terraformpractice-400622.appspot.com/roles/storage.admin/user:ashrafatef.de@gmail.com",
            "member": "user:ashrafatef.de@gmail.com",
            "role": "roles/storage.admin"
          },
          "sensitive_attributes": [],
          "private": "bnVsbA==",
          "dependencies": [
            "google_container_registry.registry"
          ]
        }
      ]
    },
    {
      "mode": "managed",
      "type": "kubernetes_deployment_v1",
      "name": "my_deployment",
      "provider": "provider[\"registry.terraform.io/hashicorp/kubernetes\"]",
      "instances": [
        {
          "status": "tainted",
          "schema_version": 1,
          "attributes": {
            "id": "default/my-node-app",
            "metadata": [
              {
                "annotations": null,
                "generate_name": "",
                "generation": 0,
                "labels": null,
                "name": "my-node-app",
                "namespace": "default",
                "resource_version": "",
                "uid": ""
              }
            ],
            "spec": [
              {
                "min_ready_seconds": 0,
                "paused": false,
                "progress_deadline_seconds": 600,
                "replicas": "3",
                "revision_history_limit": 10,
                "selector": [
                  {
                    "match_expressions": [],
                    "match_labels": {
                      "app": "my-node-app"
                    }
                  }
                ],
                "strategy": [],
                "template": [
                  {
                    "metadata": [
                      {
                        "annotations": null,
                        "generate_name": "",
                        "generation": 0,
                        "labels": {
                          "app": "my-node-app"
                        },
                        "name": "",
                        "namespace": "",
                        "resource_version": "",
                        "uid": ""
                      }
                    ],
                    "spec": [
                      {
                        "active_deadline_seconds": 0,
                        "affinity": [],
                        "automount_service_account_token": true,
                        "container": [
                          {
                            "args": null,
                            "command": null,
                            "env": [],
                            "env_from": [],
                            "image": "eu.gcr.io/terraformpractice-400622/node-server:latest",
                            "image_pull_policy": "",
                            "lifecycle": [],
                            "liveness_probe": [],
                            "name": "my-node-app",
                            "port": [
                              {
                                "container_port": 8080,
                                "host_ip": "",
                                "host_port": 0,
                                "name": "",
                                "protocol": "TCP"
                              }
                            ],
                            "readiness_probe": [],
                            "resources": [],
                            "security_context": [],
                            "startup_probe": [],
                            "stdin": false,
                            "stdin_once": false,
                            "termination_message_path": "/dev/termination-log",
                            "termination_message_policy": "",
                            "tty": false,
                            "volume_mount": [],
                            "working_dir": ""
                          }
                        ],
                        "dns_config": [],
                        "dns_policy": "ClusterFirst",
                        "enable_service_links": true,
                        "host_aliases": [],
                        "host_ipc": false,
                        "host_network": false,
                        "host_pid": false,
                        "hostname": "",
                        "image_pull_secrets": [],
                        "init_container": [],
                        "node_name": "",
                        "node_selector": null,
                        "priority_class_name": "",
                        "readiness_gate": [],
                        "restart_policy": "Always",
                        "runtime_class_name": "",
                        "scheduler_name": "",
                        "security_context": [],
                        "service_account_name": "",
                        "share_process_namespace": false,
                        "subdomain": "",
                        "termination_grace_period_seconds": 30,
                        "toleration": [],
                        "topology_spread_constraint": [],
                        "volume": []
                      }
                    ]
                  }
                ]
              }
            ],
            "timeouts": null,
            "wait_for_rollout": true
          },
          "sensitive_attributes": [],
          "private": "eyJlMmJmYjczMC1lY2FhLTExZTYtOGY4OC0zNDM2M2JjN2M0YzAiOnsiY3JlYXRlIjo2MDAwMDAwMDAwMDAsImRlbGV0ZSI6NjAwMDAwMDAwMDAwLCJ1cGRhdGUiOjYwMDAwMDAwMDAwMH0sInNjaGVtYV92ZXJzaW9uIjoiMSJ9",
          "dependencies": [
            "data.google_client_config.default",
            "data.google_container_cluster.my_cluster"
          ]
        }
      ]
    },
    {
      "mode": "managed",
      "type": "kubernetes_service",
      "name": "my_service",
      "provider": "provider[\"registry.terraform.io/hashicorp/kubernetes\"]",
      "instances": [
        {
          "schema_version": 1,
          "attributes": {
            "id": "default/my-node-app-service",
            "metadata": [
              {
                "annotations": null,
                "generate_name": "",
                "generation": 0,
                "labels": null,
                "name": "my-node-app-service",
                "namespace": "default",
                "resource_version": "10038",
                "uid": "0281c1fc-0f11-4616-b768-f87a979175af"
              }
            ],
            "spec": [
              {
                "allocate_load_balancer_node_ports": true,
                "cluster_ip": "10.11.243.13",
                "cluster_ips": [
                  "10.11.243.13"
                ],
                "external_ips": null,
                "external_name": "",
                "external_traffic_policy": "Cluster",
                "health_check_node_port": 0,
                "internal_traffic_policy": "Cluster",
                "ip_families": [
                  "IPv4"
                ],
                "ip_family_policy": "SingleStack",
                "load_balancer_class": "",
                "load_balancer_ip": "",
                "load_balancer_source_ranges": null,
                "port": [
                  {
                    "app_protocol": "",
                    "name": "",
                    "node_port": 31426,
                    "port": 80,
                    "protocol": "TCP",
                    "target_port": "8080"
                  }
                ],
                "publish_not_ready_addresses": false,
                "selector": {
                  "app": "my-node-app"
                },
                "session_affinity": "None",
                "session_affinity_config": [],
                "type": "LoadBalancer"
              }
            ],
            "status": [
              {
                "load_balancer": [
                  {
                    "ingress": [
                      {
                        "hostname": "",
                        "ip": "34.38.140.243"
                      }
                    ]
                  }
                ]
              }
            ],
            "timeouts": null,
            "wait_for_load_balancer": true
          },
          "sensitive_attributes": [],
          "private": "eyJlMmJmYjczMC1lY2FhLTExZTYtOGY4OC0zNDM2M2JjN2M0YzAiOnsiY3JlYXRlIjo2MDAwMDAwMDAwMDB9LCJzY2hlbWFfdmVyc2lvbiI6IjEifQ==",
          "dependencies": [
            "data.google_client_config.default",
            "data.google_container_cluster.my_cluster"
          ]
        }
      ]
    }
  ],
  "check_results": null
}
