{
  "version": 4,
  "terraform_version": "1.5.7",
  "serial": 100,
  "lineage": "2b7ba841-d5fd-4143-f3c6-9ea964d7b4f7",
  "outputs": {},
  "resources": [
    {
      "mode": "data",
      "type": "google_client_config",
      "name": "default",
      "provider": "provider[\"registry.terraform.io/hashicorp/google\"]",
      "instances": [
        {
          "schema_version": 0,
          "attributes": {
            "access_token": "ya29.c.b0Aaekm1KFB4w8y34aBiyRttVNTxj1jouO1DWJUnwIai-vX0c5Auhb2ql1O3oPdY6nMeyt6mj9YVh6DkRg7qW-6I32vuSEjJlsR6r92dNhzcTfo3ddO4pK_Uy6iyM4HSOKvMK1fviLACUzd_9jXx9eEvl7ceyi5uu4kjHsnX-wqGtxeH5VzhjOWe4SHsu6F-jQiyVwDZ2eKsy88FxutbZf2TKhNFZXp33uxnlCGB5nNM6Ltu7_HQAT_TMYtmRjbvcBmR2tCWE6mPxTwskBy8NOsGCY3mprU3JRET7nqaLGdc0ebLIAoLTAGOpUlPMJ9eonapU84YbS0lZW5wT343C2mkmpg7bX-zzWf3Z6l2ojzWjzOQhF_j6u7yiM-tq_e1z3iI_130v1218eJtbFfR4-WoV4o9Q2bSBR1XpaFhW7gSsihRyFOIZWvMs5udlVo3i0pZeYQbskWkU_sYbfIs_BVQJYbSSVQ1ZZ8Vnhenh4kMnXl7Uz__UhY07sMxxy_rFraXfnsc0asqZRQo6Uww0z8Wwf6UxgceR51r4Rs9v5BBc6WVJFuUZ5-eq3WI4w6ihktW1hlljtSJiy9JS0zysmb9Mwwls4Bpf6qJpivOx0ycynb04hBd6hfQX39yQd2voaoQ8qMXejOIwkSlja5v_ofF7cI-1wWS8YwZ_BscOnOSIV4W72R6OWjfi1R5x3pepS_ewZt3ezpwj51fna3dbZxwszR33tdVf8RRzRIgMuoglU0oyo9q8_JeUig6hqY6e913ctRfjz129ojjwmry_VpmfezRJcdkwB77vqe5ez9Mh0jxj1jM8sswb5iRkmFRgomyIOni_vppdIrYI0h6X9xIcabO546zlpVVQMXlff9zw6qlohX3vdnZuBIVsxpVodF_-eWB5p2w2uwOxx1BMQtSFkxuIXuMBk7p_uaYsIpoj7UvS0qsMMx0somBmgS08xzZx8nezMfew-sUbv_gOVuwxrgYRIeMxpVyOl0f25a_ldcupxQZ874-b",
            "id": "projects/\"terraformpractice-400622\"/regions/\"europe-west1-b\"/zones/\u003cnull\u003e",
            "project": "terraformpractice-400622",
            "region": "europe-west1-b",
            "zone": null
          },
          "sensitive_attributes": []
        }
      ]
    },
    {
      "mode": "data",
      "type": "google_container_cluster",
      "name": "my_cluster",
      "provider": "provider[\"registry.terraform.io/hashicorp/google\"]",
      "instances": [
        {
          "schema_version": 0,
          "attributes": {
            "addons_config": [
              {
                "cloudrun_config": [],
                "config_connector_config": [],
                "dns_cache_config": [],
                "gce_persistent_disk_csi_driver_config": [
                  {
                    "enabled": true
                  }
                ],
                "gcp_filestore_csi_driver_config": [],
                "gcs_fuse_csi_driver_config": [],
                "gke_backup_agent_config": [],
                "horizontal_pod_autoscaling": [],
                "http_load_balancing": [],
                "network_policy_config": [
                  {
                    "disabled": true
                  }
                ]
              }
            ],
            "allow_net_admin": null,
            "authenticator_groups_config": [],
            "binary_authorization": [
              {
                "enabled": false,
                "evaluation_mode": ""
              }
            ],
            "cluster_autoscaling": [
              {
                "auto_provisioning_defaults": [],
                "enabled": false,
                "resource_limits": []
              }
            ],
            "cluster_ipv4_cidr": "10.8.0.0/14",
            "confidential_nodes": [],
            "cost_management_config": [],
            "database_encryption": [
              {
                "key_name": "",
                "state": "DECRYPTED"
              }
            ],
            "datapath_provider": "",
            "default_max_pods_per_node": null,
            "default_snat_status": [
              {
                "disabled": false
              }
            ],
            "description": "",
            "dns_config": [],
            "enable_autopilot": false,
            "enable_binary_authorization": false,
            "enable_intranode_visibility": false,
            "enable_k8s_beta_apis": [],
            "enable_kubernetes_alpha": false,
            "enable_l4_ilb_subsetting": false,
            "enable_legacy_abac": false,
            "enable_shielded_nodes": true,
            "enable_tpu": false,
            "endpoint": "34.79.112.48",
            "gateway_api_config": [],
            "id": "projects/terraformpractice-400622/locations/europe-west1-b/clusters/terraform-node-cluster",
            "initial_node_count": 0,
            "ip_allocation_policy": [],
            "label_fingerprint": "a9dc16a7",
            "location": "europe-west1-b",
            "logging_config": [
              {
                "enable_components": [
                  "SYSTEM_COMPONENTS",
                  "WORKLOADS"
                ]
              }
            ],
            "logging_service": "logging.googleapis.com/kubernetes",
            "maintenance_policy": [],
            "master_auth": [
              {
                "client_certificate": "",
                "client_certificate_config": [
                  {
                    "issue_client_certificate": false
                  }
                ],
                "client_key": "",
                "cluster_ca_certificate": "LS0tLS1CRUdJTiBDRVJUSUZJQ0FURS0tLS0tCk1JSUVMVENDQXBXZ0F3SUJBZ0lSQVA4OEwrSXpZSjk1UUpCSFNTMVpqb2N3RFFZSktvWklodmNOQVFFTEJRQXcKTHpFdE1Dc0dBMVVFQXhNa05qRmxZbVUyTkdFdE16WTVZUzAwWXpsaExUazBNR0l0TURBeFpHVTVZVGhoTWpWagpNQ0FYRFRJek1UQXdNekV6TkRReE5Wb1lEekl3TlRNd09USTFNVFEwTkRFMVdqQXZNUzB3S3dZRFZRUURFeVEyCk1XVmlaVFkwWVMwek5qbGhMVFJqT1dFdE9UUXdZaTB3TURGa1pUbGhPR0V5TldNd2dnR2lNQTBHQ1NxR1NJYjMKRFFFQkFRVUFBNElCandBd2dnR0tBb0lCZ1FDb3NCQU1wNzJPdjVLL2kvaE9kN01KcUFUajlLVzdscWM1b2NmeApSUjRhYlVFY3g0MlZKU2tLeTc2bkVick5Bbkc2b3VheUVLNDFqMndUWmY0cEdFUUpMakdiUmJMUndDYU5hODBMClZDRGgrQnI5d2tudXdxUXNuQkd4WVRFNmFEd3dqejduQXBtNDV0UzZ6RFM5SE10UkJJbGJCV0kwL0xPN3U4ZFAKN3ZEZko1b0hEL24wNSt5NEo0dWdMRVMyemlGWHhNSG41ZHh2QzFUL0M4MFNyWkVGcitqZVNPQktCdTY3bjU4aQp6VTkvMFpUb2pOdU9kZ1djVW9Mb2lZRDZMcHFxa3dNSmpRYjhaN3E5OUZTY2JyRFlUNkRRYnFHK2liWWFGNzZpCjVjcTNtY3pXeDdpai9Wczl6NlQzRFhBZ0ZxWWN6SXFRRDl1eDh6NVdzei9QQm85MHI0ODIzdVRVcHJaYTRxNXYKR1Q1bWpiRUJ6TnB3czB6R1dyM1hRTGVKTjk1Q0l4WWdRMFY3aEpObzI2bzZFejNlbEdUQXY2Y3o4Q3BTT0lmbApQVHJKeG5vWkpyUVJiNGZFSDAvd1M1OFdac01JSy95SFRtQTFhMzRUTFd0N2FDL2VqeGtxdm1HQmxBRXc3cHoxCi9DUHVaZ3FySXg3Rkoyamc2MWhKYjgyeHhtOENBd0VBQWFOQ01FQXdEZ1lEVlIwUEFRSC9CQVFEQWdJRU1BOEcKQTFVZEV3RUIvd1FGTUFNQkFmOHdIUVlEVlIwT0JCWUVGQ2V3Sm1UNGcwWlRGRUZwYWhTaXBQM01ZdDhKTUEwRwpDU3FHU0liM0RRRUJDd1VBQTRJQmdRQWR3aGVxNEE0ZkhadWtpU0x0WjlENUw0ZXpsSjRHc2dHU0RWT29kMG04CjFKSDdSNERFUkEwSGdsYVhJTXRxTTRCMGZTOXpwd1gyQlZEa2Q2Z3lNVUx0WU5jSHR0STRIaHpwSnAyeWZqMlgKdzNXekFzZkw2OXZ1UTF0TDk0b201OXR2WWhKSlQrQVRMcTNWalJwbW81Z256UDArNEI4a3pHOUxnYldPSkd2VwpLY1J3eldvUW02M0JIemNrcE5hYUt0ckRTKzYrK2ptM0RXMmdWZnF2byswendlQnY3ZURGVXVXQ1ZBdHRKNjJLCjgyZ29STHNlT0xBRmhqd1Z1Z3RsbThxVlJNZHNGZ1JKNnJDYUluai9mQ2xoMGU5K1JPWGEwcC9IZThUalpsYWcKV0NGMHFsZFpzQ2xIR1N1TXBQTUJVUW5neXVkcXpDRnZoZG1pTnVLaGxpT2JEcklpUVQ1Y28vSFFUdDB1aWFjZQpKQ1FBcHhmU2NEbE9IZnRxNlNNYlYzTGxDTFFkZ0FnYlBvMlk1RWFDVDdqdEJRUnBuei9CMkdqR2UrNEdJem5HClFZbHZTTUlrYmt4TlpsbUlaUE56YThPalBvTC9ZRC9aN1BCdGVuM0tKWGtzYW90YnRwSnRKdkpSZ0Z6THU1NVkKamNiMTFHUlV2M3pqQXcxVWs1aFc5cWs9Ci0tLS0tRU5EIENFUlRJRklDQVRFLS0tLS0K"
              }
            ],
            "master_authorized_networks_config": [],
            "master_version": "1.27.3-gke.100",
            "mesh_certificates": [],
            "min_master_version": null,
            "monitoring_config": [
              {
                "advanced_datapath_observability_config": [
                  {
                    "enable_metrics": false,
                    "relay_mode": "DISABLED"
                  }
                ],
                "enable_components": [
                  "SYSTEM_COMPONENTS"
                ],
                "managed_prometheus": [
                  {
                    "enabled": true
                  }
                ]
              }
            ],
            "monitoring_service": "monitoring.googleapis.com/kubernetes",
            "name": "terraform-node-cluster",
            "network": "projects/terraformpractice-400622/global/networks/default",
            "network_policy": [
              {
                "enabled": false,
                "provider": "PROVIDER_UNSPECIFIED"
              }
            ],
            "networking_mode": "ROUTES",
            "node_config": [
              {
                "advanced_machine_features": [],
                "boot_disk_kms_key": "",
                "confidential_nodes": [],
                "disk_size_gb": 100,
                "disk_type": "pd-balanced",
                "ephemeral_storage_local_ssd_config": [],
                "fast_socket": [],
                "gcfs_config": [],
                "guest_accelerator": [],
                "gvnic": [],
                "host_maintenance_policy": [],
                "image_type": "COS_CONTAINERD",
                "kubelet_config": [],
                "labels": {},
                "linux_node_config": [],
                "local_nvme_ssd_block_config": [],
                "local_ssd_count": 0,
                "logging_variant": "DEFAULT",
                "machine_type": "e2-medium",
                "metadata": {
                  "disable-legacy-endpoints": "true"
                },
                "min_cpu_platform": "",
                "node_group": "",
                "oauth_scopes": [
                  "https://www.googleapis.com/auth/devstorage.read_only",
                  "https://www.googleapis.com/auth/logging.write",
                  "https://www.googleapis.com/auth/monitoring",
                  "https://www.googleapis.com/auth/service.management.readonly",
                  "https://www.googleapis.com/auth/servicecontrol",
                  "https://www.googleapis.com/auth/trace.append"
                ],
                "preemptible": false,
                "reservation_affinity": [],
                "resource_labels": {},
                "service_account": "default",
                "shielded_instance_config": [
                  {
                    "enable_integrity_monitoring": true,
                    "enable_secure_boot": false
                  }
                ],
                "sole_tenant_config": [],
                "spot": false,
                "tags": [],
                "taint": [],
                "workload_metadata_config": []
              }
            ],
            "node_locations": [],
            "node_pool": [
              {
                "autoscaling": [],
                "initial_node_count": 1,
                "instance_group_urls": [
                  "https://www.googleapis.com/compute/v1/projects/terraformpractice-400622/zones/europe-west1-b/instanceGroupManagers/gke-terraform-node-clust-default-pool-0ced1c72-grp"
                ],
                "managed_instance_group_urls": [
                  "https://www.googleapis.com/compute/v1/projects/terraformpractice-400622/zones/europe-west1-b/instanceGroups/gke-terraform-node-clust-default-pool-0ced1c72-grp"
                ],
                "management": [
                  {
                    "auto_repair": true,
                    "auto_upgrade": true
                  }
                ],
                "max_pods_per_node": 0,
                "name": "default-pool",
                "name_prefix": "",
                "network_config": [
                  {
                    "create_pod_range": false,
                    "enable_private_nodes": false,
                    "pod_cidr_overprovision_config": [],
                    "pod_ipv4_cidr_block": "",
                    "pod_range": ""
                  }
                ],
                "node_config": [
                  {
                    "advanced_machine_features": [],
                    "boot_disk_kms_key": "",
                    "confidential_nodes": [],
                    "disk_size_gb": 100,
                    "disk_type": "pd-balanced",
                    "ephemeral_storage_local_ssd_config": [],
                    "fast_socket": [],
                    "gcfs_config": [],
                    "guest_accelerator": [],
                    "gvnic": [],
                    "host_maintenance_policy": [],
                    "image_type": "COS_CONTAINERD",
                    "kubelet_config": [],
                    "labels": {},
                    "linux_node_config": [],
                    "local_nvme_ssd_block_config": [],
                    "local_ssd_count": 0,
                    "logging_variant": "DEFAULT",
                    "machine_type": "e2-medium",
                    "metadata": {
                      "disable-legacy-endpoints": "true"
                    },
                    "min_cpu_platform": "",
                    "node_group": "",
                    "oauth_scopes": [
                      "https://www.googleapis.com/auth/devstorage.read_only",
                      "https://www.googleapis.com/auth/logging.write",
                      "https://www.googleapis.com/auth/monitoring",
                      "https://www.googleapis.com/auth/service.management.readonly",
                      "https://www.googleapis.com/auth/servicecontrol",
                      "https://www.googleapis.com/auth/trace.append"
                    ],
                    "preemptible": false,
                    "reservation_affinity": [],
                    "resource_labels": {},
                    "service_account": "default",
                    "shielded_instance_config": [
                      {
                        "enable_integrity_monitoring": true,
                        "enable_secure_boot": false
                      }
                    ],
                    "sole_tenant_config": [],
                    "spot": false,
                    "tags": [],
                    "taint": [],
                    "workload_metadata_config": []
                  }
                ],
                "node_count": 1,
                "node_locations": [
                  "europe-west1-b"
                ],
                "placement_policy": [],
                "upgrade_settings": [
                  {
                    "blue_green_settings": [],
                    "max_surge": 1,
                    "max_unavailable": 0,
                    "strategy": "SURGE"
                  }
                ],
                "version": "1.27.3-gke.100"
              }
            ],
            "node_pool_auto_config": [],
            "node_pool_defaults": [
              {
                "node_config_defaults": [
                  {
                    "logging_variant": "DEFAULT"
                  }
                ]
              }
            ],
            "node_version": "1.27.3-gke.100",
            "notification_config": [
              {
                "pubsub": [
                  {
                    "enabled": false,
                    "filter": [],
                    "topic": ""
                  }
                ]
              }
            ],
            "operation": null,
            "private_cluster_config": [
              {
                "enable_private_endpoint": false,
                "enable_private_nodes": false,
                "master_global_access_config": [
                  {
                    "enabled": false
                  }
                ],
                "master_ipv4_cidr_block": "",
                "peering_name": "",
                "private_endpoint": "10.132.0.12",
                "private_endpoint_subnetwork": "",
                "public_endpoint": "34.79.112.48"
              }
            ],
            "private_ipv6_google_access": "",
            "project": "terraformpractice-400622",
            "release_channel": [
              {
                "channel": "REGULAR"
              }
            ],
            "remove_default_node_pool": null,
            "resource_labels": {},
            "resource_usage_export_config": [],
            "security_posture_config": [
              {
                "mode": "BASIC",
                "vulnerability_mode": "VULNERABILITY_MODE_UNSPECIFIED"
              }
            ],
            "self_link": "https://container.googleapis.com/v1/projects/terraformpractice-400622/zones/europe-west1-b/clusters/terraform-node-cluster",
            "service_external_ips_config": [
              {
                "enabled": false
              }
            ],
            "services_ipv4_cidr": "10.11.240.0/20",
            "subnetwork": "projects/terraformpractice-400622/regions/europe-west1/subnetworks/default",
            "tpu_ipv4_cidr_block": "",
            "vertical_pod_autoscaling": [],
            "workload_identity_config": []
          },
          "sensitive_attributes": []
        }
      ]
    },
    {
      "mode": "managed",
      "type": "google_container_cluster",
      "name": "node-cluster",
      "provider": "provider[\"registry.terraform.io/hashicorp/google\"]",
      "instances": [
        {
          "schema_version": 1,
          "attributes": {
            "addons_config": [
              {
                "cloudrun_config": [],
                "config_connector_config": [],
                "dns_cache_config": [],
                "gce_persistent_disk_csi_driver_config": [
                  {
                    "enabled": true
                  }
                ],
                "gcp_filestore_csi_driver_config": [],
                "gcs_fuse_csi_driver_config": [],
                "gke_backup_agent_config": [],
                "horizontal_pod_autoscaling": [],
                "http_load_balancing": [],
                "network_policy_config": [
                  {
                    "disabled": true
                  }
                ]
              }
            ],
            "allow_net_admin": null,
            "authenticator_groups_config": [],
            "binary_authorization": [
              {
                "enabled": false,
                "evaluation_mode": ""
              }
            ],
            "cluster_autoscaling": [
              {
                "auto_provisioning_defaults": [],
                "enabled": false,
                "resource_limits": []
              }
            ],
            "cluster_ipv4_cidr": "10.8.0.0/14",
            "confidential_nodes": [],
            "cost_management_config": [],
            "database_encryption": [
              {
                "key_name": "",
                "state": "DECRYPTED"
              }
            ],
            "datapath_provider": "",
            "default_max_pods_per_node": null,
            "default_snat_status": [
              {
                "disabled": false
              }
            ],
            "description": "",
            "dns_config": [],
            "enable_autopilot": false,
            "enable_binary_authorization": false,
            "enable_intranode_visibility": false,
            "enable_k8s_beta_apis": [],
            "enable_kubernetes_alpha": false,
            "enable_l4_ilb_subsetting": false,
            "enable_legacy_abac": false,
            "enable_shielded_nodes": true,
            "enable_tpu": false,
            "endpoint": "34.79.112.48",
            "gateway_api_config": [],
            "id": "projects/terraformpractice-400622/locations/europe-west1-b/clusters/terraform-node-cluster",
            "initial_node_count": 0,
            "ip_allocation_policy": [],
            "label_fingerprint": "a9dc16a7",
            "location": "europe-west1-b",
            "logging_config": [
              {
                "enable_components": [
                  "SYSTEM_COMPONENTS",
                  "WORKLOADS"
                ]
              }
            ],
            "logging_service": "logging.googleapis.com/kubernetes",
            "maintenance_policy": [],
            "master_auth": [
              {
                "client_certificate": "",
                "client_certificate_config": [
                  {
                    "issue_client_certificate": false
                  }
                ],
                "client_key": "",
                "cluster_ca_certificate": "LS0tLS1CRUdJTiBDRVJUSUZJQ0FURS0tLS0tCk1JSUVMVENDQXBXZ0F3SUJBZ0lSQVA4OEwrSXpZSjk1UUpCSFNTMVpqb2N3RFFZSktvWklodmNOQVFFTEJRQXcKTHpFdE1Dc0dBMVVFQXhNa05qRmxZbVUyTkdFdE16WTVZUzAwWXpsaExUazBNR0l0TURBeFpHVTVZVGhoTWpWagpNQ0FYRFRJek1UQXdNekV6TkRReE5Wb1lEekl3TlRNd09USTFNVFEwTkRFMVdqQXZNUzB3S3dZRFZRUURFeVEyCk1XVmlaVFkwWVMwek5qbGhMVFJqT1dFdE9UUXdZaTB3TURGa1pUbGhPR0V5TldNd2dnR2lNQTBHQ1NxR1NJYjMKRFFFQkFRVUFBNElCandBd2dnR0tBb0lCZ1FDb3NCQU1wNzJPdjVLL2kvaE9kN01KcUFUajlLVzdscWM1b2NmeApSUjRhYlVFY3g0MlZKU2tLeTc2bkVick5Bbkc2b3VheUVLNDFqMndUWmY0cEdFUUpMakdiUmJMUndDYU5hODBMClZDRGgrQnI5d2tudXdxUXNuQkd4WVRFNmFEd3dqejduQXBtNDV0UzZ6RFM5SE10UkJJbGJCV0kwL0xPN3U4ZFAKN3ZEZko1b0hEL24wNSt5NEo0dWdMRVMyemlGWHhNSG41ZHh2QzFUL0M4MFNyWkVGcitqZVNPQktCdTY3bjU4aQp6VTkvMFpUb2pOdU9kZ1djVW9Mb2lZRDZMcHFxa3dNSmpRYjhaN3E5OUZTY2JyRFlUNkRRYnFHK2liWWFGNzZpCjVjcTNtY3pXeDdpai9Wczl6NlQzRFhBZ0ZxWWN6SXFRRDl1eDh6NVdzei9QQm85MHI0ODIzdVRVcHJaYTRxNXYKR1Q1bWpiRUJ6TnB3czB6R1dyM1hRTGVKTjk1Q0l4WWdRMFY3aEpObzI2bzZFejNlbEdUQXY2Y3o4Q3BTT0lmbApQVHJKeG5vWkpyUVJiNGZFSDAvd1M1OFdac01JSy95SFRtQTFhMzRUTFd0N2FDL2VqeGtxdm1HQmxBRXc3cHoxCi9DUHVaZ3FySXg3Rkoyamc2MWhKYjgyeHhtOENBd0VBQWFOQ01FQXdEZ1lEVlIwUEFRSC9CQVFEQWdJRU1BOEcKQTFVZEV3RUIvd1FGTUFNQkFmOHdIUVlEVlIwT0JCWUVGQ2V3Sm1UNGcwWlRGRUZwYWhTaXBQM01ZdDhKTUEwRwpDU3FHU0liM0RRRUJDd1VBQTRJQmdRQWR3aGVxNEE0ZkhadWtpU0x0WjlENUw0ZXpsSjRHc2dHU0RWT29kMG04CjFKSDdSNERFUkEwSGdsYVhJTXRxTTRCMGZTOXpwd1gyQlZEa2Q2Z3lNVUx0WU5jSHR0STRIaHpwSnAyeWZqMlgKdzNXekFzZkw2OXZ1UTF0TDk0b201OXR2WWhKSlQrQVRMcTNWalJwbW81Z256UDArNEI4a3pHOUxnYldPSkd2VwpLY1J3eldvUW02M0JIemNrcE5hYUt0ckRTKzYrK2ptM0RXMmdWZnF2byswendlQnY3ZURGVXVXQ1ZBdHRKNjJLCjgyZ29STHNlT0xBRmhqd1Z1Z3RsbThxVlJNZHNGZ1JKNnJDYUluai9mQ2xoMGU5K1JPWGEwcC9IZThUalpsYWcKV0NGMHFsZFpzQ2xIR1N1TXBQTUJVUW5neXVkcXpDRnZoZG1pTnVLaGxpT2JEcklpUVQ1Y28vSFFUdDB1aWFjZQpKQ1FBcHhmU2NEbE9IZnRxNlNNYlYzTGxDTFFkZ0FnYlBvMlk1RWFDVDdqdEJRUnBuei9CMkdqR2UrNEdJem5HClFZbHZTTUlrYmt4TlpsbUlaUE56YThPalBvTC9ZRC9aN1BCdGVuM0tKWGtzYW90YnRwSnRKdkpSZ0Z6THU1NVkKamNiMTFHUlV2M3pqQXcxVWs1aFc5cWs9Ci0tLS0tRU5EIENFUlRJRklDQVRFLS0tLS0K"
              }
            ],
            "master_authorized_networks_config": [],
            "master_version": "1.27.3-gke.100",
            "mesh_certificates": [],
            "min_master_version": null,
            "monitoring_config": [
              {
                "advanced_datapath_observability_config": [
                  {
                    "enable_metrics": false,
                    "relay_mode": "DISABLED"
                  }
                ],
                "enable_components": [
                  "SYSTEM_COMPONENTS"
                ],
                "managed_prometheus": [
                  {
                    "enabled": true
                  }
                ]
              }
            ],
            "monitoring_service": "monitoring.googleapis.com/kubernetes",
            "name": "terraform-node-cluster",
            "network": "projects/terraformpractice-400622/global/networks/default",
            "network_policy": [
              {
                "enabled": false,
                "provider": "PROVIDER_UNSPECIFIED"
              }
            ],
            "networking_mode": "ROUTES",
            "node_config": [
              {
                "advanced_machine_features": [],
                "boot_disk_kms_key": "",
                "confidential_nodes": [],
                "disk_size_gb": 100,
                "disk_type": "pd-balanced",
                "ephemeral_storage_local_ssd_config": [],
                "fast_socket": [],
                "gcfs_config": [],
                "guest_accelerator": [],
                "gvnic": [],
                "host_maintenance_policy": [],
                "image_type": "COS_CONTAINERD",
                "kubelet_config": [],
                "labels": {},
                "linux_node_config": [],
                "local_nvme_ssd_block_config": [],
                "local_ssd_count": 0,
                "logging_variant": "DEFAULT",
                "machine_type": "e2-medium",
                "metadata": {
                  "disable-legacy-endpoints": "true"
                },
                "min_cpu_platform": "",
                "node_group": "",
                "oauth_scopes": [
                  "https://www.googleapis.com/auth/devstorage.read_only",
                  "https://www.googleapis.com/auth/logging.write",
                  "https://www.googleapis.com/auth/monitoring",
                  "https://www.googleapis.com/auth/service.management.readonly",
                  "https://www.googleapis.com/auth/servicecontrol",
                  "https://www.googleapis.com/auth/trace.append"
                ],
                "preemptible": false,
                "reservation_affinity": [],
                "resource_labels": {},
                "service_account": "default",
                "shielded_instance_config": [
                  {
                    "enable_integrity_monitoring": true,
                    "enable_secure_boot": false
                  }
                ],
                "sole_tenant_config": [],
                "spot": false,
                "tags": [],
                "taint": [],
                "workload_metadata_config": []
              }
            ],
            "node_locations": [],
            "node_pool": [
              {
                "autoscaling": [],
                "initial_node_count": 1,
                "instance_group_urls": [
                  "https://www.googleapis.com/compute/v1/projects/terraformpractice-400622/zones/europe-west1-b/instanceGroupManagers/gke-terraform-node-clust-default-pool-0ced1c72-grp"
                ],
                "managed_instance_group_urls": [
                  "https://www.googleapis.com/compute/v1/projects/terraformpractice-400622/zones/europe-west1-b/instanceGroups/gke-terraform-node-clust-default-pool-0ced1c72-grp"
                ],
                "management": [
                  {
                    "auto_repair": true,
                    "auto_upgrade": true
                  }
                ],
                "max_pods_per_node": 0,
                "name": "default-pool",
                "name_prefix": "",
                "network_config": [
                  {
                    "create_pod_range": false,
                    "enable_private_nodes": false,
                    "pod_cidr_overprovision_config": [],
                    "pod_ipv4_cidr_block": "",
                    "pod_range": ""
                  }
                ],
                "node_config": [
                  {
                    "advanced_machine_features": [],
                    "boot_disk_kms_key": "",
                    "confidential_nodes": [],
                    "disk_size_gb": 100,
                    "disk_type": "pd-balanced",
                    "ephemeral_storage_local_ssd_config": [],
                    "fast_socket": [],
                    "gcfs_config": [],
                    "guest_accelerator": [],
                    "gvnic": [],
                    "host_maintenance_policy": [],
                    "image_type": "COS_CONTAINERD",
                    "kubelet_config": [],
                    "labels": {},
                    "linux_node_config": [],
                    "local_nvme_ssd_block_config": [],
                    "local_ssd_count": 0,
                    "logging_variant": "DEFAULT",
                    "machine_type": "e2-medium",
                    "metadata": {
                      "disable-legacy-endpoints": "true"
                    },
                    "min_cpu_platform": "",
                    "node_group": "",
                    "oauth_scopes": [
                      "https://www.googleapis.com/auth/devstorage.read_only",
                      "https://www.googleapis.com/auth/logging.write",
                      "https://www.googleapis.com/auth/monitoring",
                      "https://www.googleapis.com/auth/service.management.readonly",
                      "https://www.googleapis.com/auth/servicecontrol",
                      "https://www.googleapis.com/auth/trace.append"
                    ],
                    "preemptible": false,
                    "reservation_affinity": [],
                    "resource_labels": {},
                    "service_account": "default",
                    "shielded_instance_config": [
                      {
                        "enable_integrity_monitoring": true,
                        "enable_secure_boot": false
                      }
                    ],
                    "sole_tenant_config": [],
                    "spot": false,
                    "tags": [],
                    "taint": [],
                    "workload_metadata_config": []
                  }
                ],
                "node_count": 1,
                "node_locations": [
                  "europe-west1-b"
                ],
                "placement_policy": [],
                "upgrade_settings": [
                  {
                    "blue_green_settings": [],
                    "max_surge": 1,
                    "max_unavailable": 0,
                    "strategy": "SURGE"
                  }
                ],
                "version": "1.27.3-gke.100"
              }
            ],
            "node_pool_auto_config": [],
            "node_pool_defaults": [
              {
                "node_config_defaults": [
                  {
                    "logging_variant": "DEFAULT"
                  }
                ]
              }
            ],
            "node_version": "1.27.3-gke.100",
            "notification_config": [
              {
                "pubsub": [
                  {
                    "enabled": false,
                    "filter": [],
                    "topic": ""
                  }
                ]
              }
            ],
            "operation": null,
            "private_cluster_config": [
              {
                "enable_private_endpoint": false,
                "enable_private_nodes": false,
                "master_global_access_config": [
                  {
                    "enabled": false
                  }
                ],
                "master_ipv4_cidr_block": "",
                "peering_name": "",
                "private_endpoint": "10.132.0.12",
                "private_endpoint_subnetwork": "",
                "public_endpoint": "34.79.112.48"
              }
            ],
            "private_ipv6_google_access": "",
            "project": "terraformpractice-400622",
            "release_channel": [
              {
                "channel": "REGULAR"
              }
            ],
            "remove_default_node_pool": null,
            "resource_labels": {},
            "resource_usage_export_config": [],
            "security_posture_config": [
              {
                "mode": "BASIC",
                "vulnerability_mode": "VULNERABILITY_MODE_UNSPECIFIED"
              }
            ],
            "self_link": "https://container.googleapis.com/v1/projects/terraformpractice-400622/zones/europe-west1-b/clusters/terraform-node-cluster",
            "service_external_ips_config": [
              {
                "enabled": false
              }
            ],
            "services_ipv4_cidr": "10.11.240.0/20",
            "subnetwork": "projects/terraformpractice-400622/regions/europe-west1/subnetworks/default",
            "timeouts": null,
            "tpu_ipv4_cidr_block": "",
            "vertical_pod_autoscaling": [],
            "workload_identity_config": []
          },
          "sensitive_attributes": [],
          "private": "eyJlMmJmYjczMC1lY2FhLTExZTYtOGY4OC0zNDM2M2JjN2M0YzAiOnsiY3JlYXRlIjoyNDAwMDAwMDAwMDAwLCJkZWxldGUiOjI0MDAwMDAwMDAwMDAsInJlYWQiOjI0MDAwMDAwMDAwMDAsInVwZGF0ZSI6MzYwMDAwMDAwMDAwMH0sInNjaGVtYV92ZXJzaW9uIjoiMSJ9"
        }
      ]
    },
    {
      "mode": "managed",
      "type": "google_container_registry",
      "name": "registry",
      "provider": "provider[\"registry.terraform.io/hashicorp/google\"]",
      "instances": [
        {
          "schema_version": 0,
          "attributes": {
            "bucket_self_link": "https://www.googleapis.com/storage/v1/b/eu.artifacts.terraformpractice-400622.appspot.com",
            "id": "eu.artifacts.terraformpractice-400622.appspot.com",
            "location": "EU",
            "project": "terraformpractice-400622"
          },
          "sensitive_attributes": [],
          "private": "bnVsbA=="
        }
      ]
    },
    {
      "mode": "managed",
      "type": "google_storage_bucket_iam_member",
      "name": "owner",
      "provider": "provider[\"registry.terraform.io/hashicorp/google\"]",
      "instances": [
        {
          "schema_version": 0,
          "attributes": {
            "bucket": "b/eu.artifacts.terraformpractice-400622.appspot.com",
            "condition": [],
            "etag": "CAo=",
            "id": "b/eu.artifacts.terraformpractice-400622.appspot.com/roles/storage.admin/user:ashrafatef.de@gmail.com",
            "member": "user:ashrafatef.de@gmail.com",
            "role": "roles/storage.admin"
          },
          "sensitive_attributes": [],
          "private": "bnVsbA==",
          "dependencies": [
            "google_container_registry.registry"
          ]
        }
      ]
    },
    {
      "mode": "managed",
      "type": "kubernetes_deployment_v1",
      "name": "my_deployment",
      "provider": "provider[\"registry.terraform.io/hashicorp/kubernetes\"]",
      "instances": [
        {
          "schema_version": 1,
          "attributes": {
            "id": "default/my-node-app",
            "metadata": [
              {
                "annotations": {},
                "generate_name": "",
                "generation": 1,
                "labels": {},
                "name": "my-node-app",
                "namespace": "default",
                "resource_version": "3462",
                "uid": "15152c74-eb86-434d-bcf9-c21db50ab73d"
              }
            ],
            "spec": [
              {
                "min_ready_seconds": 0,
                "paused": false,
                "progress_deadline_seconds": 600,
                "replicas": "3",
                "revision_history_limit": 10,
                "selector": [
                  {
                    "match_expressions": [],
                    "match_labels": {
                      "app": "my-node-app"
                    }
                  }
                ],
                "strategy": [
                  {
                    "rolling_update": [
                      {
                        "max_surge": "25%",
                        "max_unavailable": "25%"
                      }
                    ],
                    "type": "RollingUpdate"
                  }
                ],
                "template": [
                  {
                    "metadata": [
                      {
                        "annotations": {},
                        "generate_name": "",
                        "generation": 0,
                        "labels": {
                          "app": "my-node-app"
                        },
                        "name": "",
                        "namespace": "",
                        "resource_version": "",
                        "uid": ""
                      }
                    ],
                    "spec": [
                      {
                        "active_deadline_seconds": 0,
                        "affinity": [],
                        "automount_service_account_token": true,
                        "container": [
                          {
                            "args": [],
                            "command": [],
                            "env": [],
                            "env_from": [],
                            "image": "eu.gcr.io/terraformpractice-400622/node-server:latest",
                            "image_pull_policy": "Always",
                            "lifecycle": [],
                            "liveness_probe": [],
                            "name": "my-node-app",
                            "port": [
                              {
                                "container_port": 8080,
                                "host_ip": "",
                                "host_port": 0,
                                "name": "",
                                "protocol": "TCP"
                              }
                            ],
                            "readiness_probe": [],
                            "resources": [
                              {
                                "limits": {},
                                "requests": {}
                              }
                            ],
                            "security_context": [],
                            "startup_probe": [],
                            "stdin": false,
                            "stdin_once": false,
                            "termination_message_path": "/dev/termination-log",
                            "termination_message_policy": "File",
                            "tty": false,
                            "volume_mount": [],
                            "working_dir": ""
                          }
                        ],
                        "dns_config": [],
                        "dns_policy": "ClusterFirst",
                        "enable_service_links": true,
                        "host_aliases": [],
                        "host_ipc": false,
                        "host_network": false,
                        "host_pid": false,
                        "hostname": "",
                        "image_pull_secrets": [],
                        "init_container": [],
                        "node_name": "",
                        "node_selector": {},
                        "priority_class_name": "",
                        "readiness_gate": [],
                        "restart_policy": "Always",
                        "runtime_class_name": "",
                        "scheduler_name": "default-scheduler",
                        "security_context": [],
                        "service_account_name": "",
                        "share_process_namespace": false,
                        "subdomain": "",
                        "termination_grace_period_seconds": 30,
                        "toleration": [],
                        "topology_spread_constraint": [],
                        "volume": []
                      }
                    ]
                  }
                ]
              }
            ],
            "timeouts": null,
            "wait_for_rollout": true
          },
          "sensitive_attributes": [],
          "private": "eyJlMmJmYjczMC1lY2FhLTExZTYtOGY4OC0zNDM2M2JjN2M0YzAiOnsiY3JlYXRlIjo2MDAwMDAwMDAwMDAsImRlbGV0ZSI6NjAwMDAwMDAwMDAwLCJ1cGRhdGUiOjYwMDAwMDAwMDAwMH0sInNjaGVtYV92ZXJzaW9uIjoiMSJ9",
          "dependencies": [
            "data.google_client_config.default",
            "data.google_container_cluster.my_cluster"
          ]
        }
      ]
    },
    {
      "mode": "managed",
      "type": "kubernetes_ingress_v1",
      "name": "my_ingress",
      "provider": "provider[\"registry.terraform.io/hashicorp/kubernetes\"]",
      "instances": [
        {
          "schema_version": 0,
          "attributes": {
            "id": "default/my-node-app-ingress",
            "metadata": [
              {
                "annotations": {},
                "generate_name": "",
                "generation": 3,
                "labels": {},
                "name": "my-node-app-ingress",
                "namespace": "default",
                "resource_version": "10617",
                "uid": "11df17f4-750e-496b-a796-1fab26c38038"
              }
            ],
            "spec": [
              {
                "default_backend": [],
                "ingress_class_name": "",
                "rule": [
                  {
                    "host": "",
                    "http": [
                      {
                        "path": [
                          {
                            "backend": [
                              {
                                "resource": [],
                                "service": [
                                  {
                                    "name": "my-node-app-service-v1",
                                    "port": [
                                      {
                                        "name": "",
                                        "number": 80
                                      }
                                    ]
                                  }
                                ]
                              }
                            ],
                            "path": "",
                            "path_type": "ImplementationSpecific"
                          }
                        ]
                      }
                    ]
                  }
                ],
                "tls": [
                  {
                    "hosts": [],
                    "secret_name": "my-tls-secret-v1"
                  }
                ]
              }
            ],
            "status": [
              {
                "load_balancer": [
                  {
                    "ingress": [
                      {
                        "hostname": "",
                        "ip": "34.149.90.142"
                      }
                    ]
                  }
                ]
              }
            ],
            "timeouts": null,
            "wait_for_load_balancer": null
          },
          "sensitive_attributes": [],
          "private": "eyJlMmJmYjczMC1lY2FhLTExZTYtOGY4OC0zNDM2M2JjN2M0YzAiOnsiY3JlYXRlIjoxMjAwMDAwMDAwMDAwLCJkZWxldGUiOjEyMDAwMDAwMDAwMDB9fQ==",
          "dependencies": [
            "data.google_client_config.default",
            "data.google_container_cluster.my_cluster",
            "kubernetes_secret_v1.tls_secret",
            "kubernetes_service_v1.my_service",
            "tls_private_key.self_signed_key",
            "tls_self_signed_cert.self_signed_cert"
          ]
        }
      ]
    },
    {
      "mode": "managed",
      "type": "kubernetes_secret_v1",
      "name": "tls_secret",
      "provider": "provider[\"registry.terraform.io/hashicorp/kubernetes\"]",
      "instances": [
        {
          "schema_version": 0,
          "attributes": {
            "binary_data": null,
            "data": {
              "crt": "-----BEGIN CERTIFICATE-----\nMIIEmjCCAoKgAwIBAgIQT77MRKb/bDh+eBSCLFCN5DANBgkqhkiG9w0BAQsFADAA\nMB4XDTIzMTAwMzE1MDYwMFoXDTIzMTAwNDAzMDYwMFowADCCAiIwDQYJKoZIhvcN\nAQEBBQADggIPADCCAgoCggIBAMAlruXUqIZKnlcjOIL0bqh4lf+j4/5ZErEO7Ogy\nDPTxaigCmK5+2fambypRykOALgUjJJ8BN8TFx0t+RGbk6STxmpA1dHryt1Ygh672\nxUiQ1SPTOIhO8+LK3t12BfHHcBcv5qSPGb3IA9P0C39QmZi1IDSe9kGIEhee4TQ3\n6Zbcx80uyEHRENXJH7+1Nl147T9dFZHpoAFRBZbnjlCrq/AW9khXEAB3FwFRu7aR\nqDUsoZXKZ3j42muOVBpam6wx8MeyddtmbcAdHns1b/ix6iqiYsD2WMGlQFm4GIga\n7gOo904pnX/twJqDO0reGVvZbOjy0PX4nFfgjt9hd0XLaXUm2PK2UySqbyvYTP5W\nZEkN5nFHWkR/f1qkteXXRTd8mV+b3QNDmWkFoO51zoZc2Bh4VnJYY52c8ZFjKALb\nuAtimpcFJ7riZagPFildIDVjaSkIZ5Dh6EshSvS6zyM+iIR4zDXSuzsTD+t3Pw6j\nO9HHdnNpYj2MzYbbZ4DJow3Ws5ZC3zUEJNVWmCNnNeQ9TDJQLVawF/j6sh707Ofa\nED/9Je8RU7uym6wc7m7Bi2oFvKtZbE9sfR/kVFCRawA0S1IFppYB5Wo1fLjKsLGq\nlQI4TvuL6m2uM6M01JFxpVMC3qq/WcvkGOTZ7ZRCqm4RIQpqknzseesR4HajYeTT\nkDnjAgMBAAGjEDAOMAwGA1UdEwEB/wQCMAAwDQYJKoZIhvcNAQELBQADggIBAF8/\nclhAnva7eoKJXpfcQJ5TJrwNRbn5pRvreQAOtCUEGxU5Tpz3ZeedGlu4B69QM+P4\nQkZvlU/c0ipx0LsW35haR/xCRBqpRdYdxDUUTW8DgbpTmU2ymLQw7o4NBbbjJAg6\nKaAWHeP7lRqVGOGmc1/r7yhsHFr1Jl+MeFDKLo2NJ/OUm3nU5ygFQ0u8rp8hwYtP\nn2YSkw9xTQV1CxO/3e2aXbL+878MNN8jr2jWSsAHLM7pqYz+4cXnWHtSqDzIEE97\no3vG5P7lHedx4ol2DVGlioH7xhTyAcYzkwdp7r6OZsOUv4/svvMd+9MsLu3nLrPY\n5CyNOus5B+29jXmVgJSK/CsJb6pVARSQq2cxwuZX8ktPMBl46Jyg5/meOI7a7x0l\nBhYbfcGBd1UgNZD0pScwjinmdU9IjSHEi9tHhASuTJr2noMfaGn+7nwcovIyUiQ3\nsH7d91OQvfpezC67WG7SA07AIlFYKx0i3lFGtEzOA6HrjinSHTGFmm/CBF3xDJFV\nlM5IYKvibe8RrnqmqXSQGltF0r/a6Esg8Yc3+3x/rfhV3gdDE9zCqeypyHFG6EvX\nqe6IMwgyklLX1BsNCAn14zNZWDYLNizxr6PnKjRR8PfHCAxiWu5dpKAIsRyIizMB\n19Coo5wbZoKiGZC1JdqzLT2t17/ojTy2nyOiCRDm\n-----END CERTIFICATE-----\n",
              "key": "-----BEGIN RSA PRIVATE KEY-----\nMIIJKQIBAAKCAgEAwCWu5dSohkqeVyM4gvRuqHiV/6Pj/lkSsQ7s6DIM9PFqKAKY\nrn7Z9qZvKlHKQ4AuBSMknwE3xMXHS35EZuTpJPGakDV0evK3ViCHrvbFSJDVI9M4\niE7z4sre3XYF8cdwFy/mpI8ZvcgD0/QLf1CZmLUgNJ72QYgSF57hNDfpltzHzS7I\nQdEQ1ckfv7U2XXjtP10VkemgAVEFlueOUKur8Bb2SFcQAHcXAVG7tpGoNSyhlcpn\nePjaa45UGlqbrDHwx7J122ZtwB0eezVv+LHqKqJiwPZYwaVAWbgYiBruA6j3Timd\nf+3AmoM7St4ZW9ls6PLQ9ficV+CO32F3RctpdSbY8rZTJKpvK9hM/lZkSQ3mcUda\nRH9/WqS15ddFN3yZX5vdA0OZaQWg7nXOhlzYGHhWclhjnZzxkWMoAtu4C2KalwUn\nuuJlqA8WKV0gNWNpKQhnkOHoSyFK9LrPIz6IhHjMNdK7OxMP63c/DqM70cd2c2li\nPYzNhttngMmjDdazlkLfNQQk1VaYI2c15D1MMlAtVrAX+PqyHvTs59oQP/0l7xFT\nu7KbrBzubsGLagW8q1lsT2x9H+RUUJFrADRLUgWmlgHlajV8uMqwsaqVAjhO+4vq\nba4zozTUkXGlUwLeqr9Zy+QY5NntlEKqbhEhCmqSfOx56xHgdqNh5NOQOeMCAwEA\nAQKCAgAaapPbARuSKtwN+segKV61Rq7IkI2dwD0znmuvmIHzguUnTwQSqVnp8QPD\ne68lDJBHIIe+XHqAUPiPRnK8+qea7qRjQxYaeRf/fUVqJn8E9PR4kmdpRgF9oop1\nQ+6ZSOP+LBW3df0B/GeaUijqffg/6FbfJSOR6tUh7jPj6/PvS7ckXFQnyEhaO+Zj\ngtRQkXl8hp2ai9X1mF/+WSNVr+RZg66kT2PhzH2bLtNxzCCl/tbQMx16oivVMaIa\nZW6Vg+AodD6DxVc9XEN+iOA1/q/E4MJW6QdWyBNKwmaM/7bNRgOJ+Wqv1c3u8C/M\noTA3UnMIq6lSx7Um17aMu2ecbtS2i3mVK4dle1SkxFTYTtQQf4xCWmxhDgJRDk78\nAm0wp9SlR7k58P0Q/W6FbVL4ga8aWADON96qLiVFP4JN1frCsoMg3vxk2TaIBrAp\n4/aDwf90ZuGUr+j1JzTDwaCdbCaH0Ip1B2/O3UvAjQguS4VssZS5xmqnAGiGbMl7\njLggmx/a2V0L3zLbutYYm0nw07vM45LzqbX6phf3kUEngo0Jr2Ufy94egPva8TO7\nnE47nzXGl6wImByJMFawu4ckrQ7nvjmGMCg0m0ju1A9iqhy+163fl9oSjE5AGSa1\nyWbtOYBHGNqBPTqGMBRwYcr1vwrHrqUvIImBuEa8CA+5qt8OAQKCAQEA461McnRq\nBpDVamouNNHNyPIkLSxkHjduVgHObpNkQ1oZk5Fz6jvIFccLgjvGUQgZzD8pYm10\n5nrCdfdUgyd1wXGY0jRoeZFRJkrXs5wifaOX1lzB8tqR2LNQQGaRxBD4lShJX8JI\nDV2dY9Zq1c8sycPrP34sChc/rISKJBi/VvN0L4w/tKghm1WREhoB70ch2OSWUvxh\nqTkB81mDCvUF4ioY9chJ0/wTQ1DKbxdxzKX3lXkJpCp/OUUmr/o3pJtrUJEQx0bK\n1ospRfxWSegjBgaqes2V+5TWYg60dlO1Qtiwhblg/BOJj1lexxLWCtk5HAD9XNId\nRsVO1Ezc3VLzYwKCAQEA2Azjb1NdFZLBsET9X6wSfmI0ejGkTd1Jp4VfI8mpQdkD\nMeCRDDl887qqL9qjunL4Y9Uwu9xNSRcS+0uxH1MF4Yx0nuIqTTrRZBnHZsp9JaqQ\nRtdHlt7BZ62p3Y8Q+T8elTaL2S2eQ4Fh4r6//xkawyBk9L8l8A7nDbP1gR/HDDXv\nAueFwSy4zDL12hDMuGE3zqFAM+tV93GQqy4by9oKh6scJUOpz8gdrbolM6hr/i1w\nKJImWo9k62Owm7gJgePuSjc01GEAcZh0YmAta30q/WoI9niMR3soq7Xs48XOm6tE\nPKZTKSZjkhrQ5QXKxRYhnjaj8AOR9kfeXhAJw2qngQKCAQEAlDLCtyGlvh5afIkf\nCIykea978teZV73XGS7V004njlvAmDiujgJZzCsjB6OnBCnUuQlIA+ShmkDAAY97\nuF9gHAm4YuNwOeloPBetbiEspkFtXUBFkrHJC5g0nabmLQyq8lQl5qoMwn50K39v\nTTssuSzJHSwguHTHoqEnVjWxnoSb1TNiaFKkhXreEj1RkxHnK0onu17CpycPaPqT\n/Pbe3IdwddPoko7bbw7Qph1Jmt9RWD9QEkcDRyEG/LdPrtrnsKqslDo1YA93TzHg\nbP0ohwyhvYvCm98W6P8PYpI8Q4XO6Uxwn8SL3v5aXhSZtLgOn3bZdKjkG6PlGvXp\nMjuDZwKCAQEAz/ygWoTDYMhWRA42aYrqhtadtGDjzr3QcT/5FifGFIkJBVQt7rnN\nK4mw2r69zfluXBVZhBCSKmHXOSpmCkTPrZGcl3Qcyxprh9U1XCRlFAS+PiRzW694\nOwo5M/zNl1UHaRgIy3uaF1yP0kxV4wvU8rHV3rPBnveJwWxUVQk1gvDM9lvSLOST\nxqjsexCfNIUKx5X+i7zrlnmyjsilo7p1VqQIRWt9J3V79Mn1lGR4CkrN5ZDE8XuH\n6P+gflhOdsfpl3LMHgR/+9uLd0UllIv7/de9ZyEn0oyi26MYuTGtM7lNyKFJ/5xg\nUMAWB9Rqnw8uL/RkH+Qf+Rq43I7OB10+gQKCAQBmgKuUWldwgI0bLEVJgc8a4cX6\nkP+9XAA3zR64dyi6/Z9mKhjogbvl+bOwQ87mUKKNLwkWnDvBI85/le8nHKf6FvbG\nAY9BfHcXGtrD4XoWFOABsGNIajHmeSE8M9DNL2rayfrvZKecMF6ZIyNm1oTQ8HyG\nhehCnZJLiSZlNRpdEMhVFZpSTcxdliVUofeNL2FgrbZ6UnifCBgJfEts1o9jfAOm\nXQtx/E1aRxztLPpIJh328cs9Pr+ZrQrF6eu3UJPHphdyLE2xhd6T+tyYIyQt2KKO\ngPXWWnD64m59WhXaGfOAm3PAP73CwI0XCLU4fJAbn4Px7Q8qrsiUynqt8BvJ\n-----END RSA PRIVATE KEY-----\n"
            },
            "id": "default/my-tls-secret-v1",
            "immutable": false,
            "metadata": [
              {
                "annotations": null,
                "generate_name": "",
                "generation": 0,
                "labels": null,
                "name": "my-tls-secret-v1",
                "namespace": "default",
                "resource_version": "10614",
                "uid": "b89c9c60-3c5b-46da-a2d3-76c21719b5dc"
              }
            ],
            "timeouts": null,
            "type": "Opaque",
            "wait_for_service_account_token": true
          },
          "sensitive_attributes": [
            [
              {
                "type": "get_attr",
                "value": "data"
              },
              {
                "type": "index",
                "value": {
                  "value": "key",
                  "type": "string"
                }
              }
            ]
          ],
          "private": "eyJlMmJmYjczMC1lY2FhLTExZTYtOGY4OC0zNDM2M2JjN2M0YzAiOnsiY3JlYXRlIjo2MDAwMDAwMDAwMH19",
          "dependencies": [
            "data.google_client_config.default",
            "data.google_container_cluster.my_cluster",
            "tls_private_key.self_signed_key",
            "tls_self_signed_cert.self_signed_cert"
          ]
        }
      ]
    },
    {
      "mode": "managed",
      "type": "kubernetes_service_v1",
      "name": "my_service",
      "provider": "provider[\"registry.terraform.io/hashicorp/kubernetes\"]",
      "instances": [
        {
          "schema_version": 1,
          "attributes": {
            "id": "default/my-node-app-service-v1",
            "metadata": [
              {
                "annotations": {},
                "generate_name": "",
                "generation": 0,
                "labels": {},
                "name": "my-node-app-service-v1",
                "namespace": "default",
                "resource_version": "7418",
                "uid": "26b39d7e-4eb1-4185-813d-5a41944a0508"
              }
            ],
            "spec": [
              {
                "allocate_load_balancer_node_ports": true,
                "cluster_ip": "10.11.252.82",
                "cluster_ips": [
                  "10.11.252.82"
                ],
                "external_ips": [],
                "external_name": "",
                "external_traffic_policy": "Cluster",
                "health_check_node_port": 0,
                "internal_traffic_policy": "Cluster",
                "ip_families": [
                  "IPv4"
                ],
                "ip_family_policy": "SingleStack",
                "load_balancer_class": "",
                "load_balancer_ip": "",
                "load_balancer_source_ranges": [],
                "port": [
                  {
                    "app_protocol": "",
                    "name": "",
                    "node_port": 30551,
                    "port": 80,
                    "protocol": "TCP",
                    "target_port": "8080"
                  }
                ],
                "publish_not_ready_addresses": false,
                "selector": {
                  "app": "my-node-app"
                },
                "session_affinity": "None",
                "session_affinity_config": [],
                "type": "LoadBalancer"
              }
            ],
            "status": [
              {
                "load_balancer": [
                  {
                    "ingress": [
                      {
                        "hostname": "",
                        "ip": "104.155.90.187"
                      }
                    ]
                  }
                ]
              }
            ],
            "timeouts": null,
            "wait_for_load_balancer": true
          },
          "sensitive_attributes": [],
          "private": "eyJlMmJmYjczMC1lY2FhLTExZTYtOGY4OC0zNDM2M2JjN2M0YzAiOnsiY3JlYXRlIjo2MDAwMDAwMDAwMDB9LCJzY2hlbWFfdmVyc2lvbiI6IjEifQ==",
          "dependencies": [
            "data.google_client_config.default",
            "data.google_container_cluster.my_cluster"
          ]
        }
      ]
    },
    {
      "mode": "managed",
      "type": "tls_private_key",
      "name": "self_signed_key",
      "provider": "provider[\"registry.terraform.io/hashicorp/tls\"]",
      "instances": [
        {
          "schema_version": 1,
          "attributes": {
            "algorithm": "RSA",
            "ecdsa_curve": "P224",
            "id": "21bc8d634f699cc051b594db51116d4ea868302d",
            "private_key_openssh": "-----BEGIN OPENSSH PRIVATE KEY-----\nb3BlbnNzaC1rZXktdjEAAAAABG5vbmUAAAAEbm9uZQAAAAAAAAABAAACFwAAAAdz\nc2gtcnNhAAAAAwEAAQAAAgEAwCWu5dSohkqeVyM4gvRuqHiV/6Pj/lkSsQ7s6DIM\n9PFqKAKYrn7Z9qZvKlHKQ4AuBSMknwE3xMXHS35EZuTpJPGakDV0evK3ViCHrvbF\nSJDVI9M4iE7z4sre3XYF8cdwFy/mpI8ZvcgD0/QLf1CZmLUgNJ72QYgSF57hNDfp\nltzHzS7IQdEQ1ckfv7U2XXjtP10VkemgAVEFlueOUKur8Bb2SFcQAHcXAVG7tpGo\nNSyhlcpnePjaa45UGlqbrDHwx7J122ZtwB0eezVv+LHqKqJiwPZYwaVAWbgYiBru\nA6j3Timdf+3AmoM7St4ZW9ls6PLQ9ficV+CO32F3RctpdSbY8rZTJKpvK9hM/lZk\nSQ3mcUdaRH9/WqS15ddFN3yZX5vdA0OZaQWg7nXOhlzYGHhWclhjnZzxkWMoAtu4\nC2KalwUnuuJlqA8WKV0gNWNpKQhnkOHoSyFK9LrPIz6IhHjMNdK7OxMP63c/DqM7\n0cd2c2liPYzNhttngMmjDdazlkLfNQQk1VaYI2c15D1MMlAtVrAX+PqyHvTs59oQ\nP/0l7xFTu7KbrBzubsGLagW8q1lsT2x9H+RUUJFrADRLUgWmlgHlajV8uMqwsaqV\nAjhO+4vqba4zozTUkXGlUwLeqr9Zy+QY5NntlEKqbhEhCmqSfOx56xHgdqNh5NOQ\nOeMAAAc4sJi1SrCYtUoAAAAHc3NoLXJzYQAAAgEAwCWu5dSohkqeVyM4gvRuqHiV\n/6Pj/lkSsQ7s6DIM9PFqKAKYrn7Z9qZvKlHKQ4AuBSMknwE3xMXHS35EZuTpJPGa\nkDV0evK3ViCHrvbFSJDVI9M4iE7z4sre3XYF8cdwFy/mpI8ZvcgD0/QLf1CZmLUg\nNJ72QYgSF57hNDfpltzHzS7IQdEQ1ckfv7U2XXjtP10VkemgAVEFlueOUKur8Bb2\nSFcQAHcXAVG7tpGoNSyhlcpnePjaa45UGlqbrDHwx7J122ZtwB0eezVv+LHqKqJi\nwPZYwaVAWbgYiBruA6j3Timdf+3AmoM7St4ZW9ls6PLQ9ficV+CO32F3RctpdSbY\n8rZTJKpvK9hM/lZkSQ3mcUdaRH9/WqS15ddFN3yZX5vdA0OZaQWg7nXOhlzYGHhW\nclhjnZzxkWMoAtu4C2KalwUnuuJlqA8WKV0gNWNpKQhnkOHoSyFK9LrPIz6IhHjM\nNdK7OxMP63c/DqM70cd2c2liPYzNhttngMmjDdazlkLfNQQk1VaYI2c15D1MMlAt\nVrAX+PqyHvTs59oQP/0l7xFTu7KbrBzubsGLagW8q1lsT2x9H+RUUJFrADRLUgWm\nlgHlajV8uMqwsaqVAjhO+4vqba4zozTUkXGlUwLeqr9Zy+QY5NntlEKqbhEhCmqS\nfOx56xHgdqNh5NOQOeMAAAADAQABAAACABpqk9sBG5Iq3A36x6ApXrVGrsiQjZ3A\nPTOea6+YgfOC5SdPBBKpWenxA8N7ryUMkEcgh75ceoBQ+I9Gcrz6p5rupGNDFhp5\nF/99RWomfwT09HiSZ2lGAX2iinVD7plI4/4sFbd1/QH8Z5pSKOp9+D/oVt8lI5Hq\n1SHuM+Pr8+9LtyRcVCfISFo75mOC1FCReXyGnZqL1fWYX/5ZI1Wv5FmDrqRPY+HM\nfZsu03HMIKX+1tAzHXqiK9UxohplbpWD4Ch0PoPFVz1cQ36I4DX+r8TgwlbpB1bI\nE0rCZoz/ts1GA4n5aq/Vze7wL8yhMDdScwirqVLHtSbXtoy7Z5xu1LaLeZUrh2V7\nVKTEVNhO1BB/jEJabGEOAlEOTvwCbTCn1KVHuTnw/RD9boVtUviBrxpYAM433qou\nJUU/gk3V+sKygyDe/GTZNogGsCnj9oPB/3Rm4ZSv6PUnNMPBoJ1sJofQinUHb87d\nS8CNCC5LhWyxlLnGaqcAaIZsyXuMuCCbH9rZXQvfMtu61hibSfDTu8zjkvOptfqm\nF/eRQSeCjQmvZR/L3h6A+9rxM7ucTjufNcaXrAiYHIkwVrC7hyStDue+OYYwKDSb\nSO7UD2KqHL7Xrd+X2hKMTkAZJrXJZu05gEcY2oE9OoYwFHBhyvW/CseupS8giYG4\nRrwID7mq3w4BAAABAGaAq5RaV3CAjRssRUmBzxrhxfqQ/71cADfNHrh3KLr9n2Yq\nGOiBu+X5s7BDzuZQoo0vCRacO8Ejzn+V7yccp/oW9sYBj0F8dxca2sPhehYU4AGw\nY0hqMeZ5ITwz0M0vatrJ+u9kp5wwXpkjI2bWhNDwfIaF6EKdkkuJJmU1Gl0QyFUV\nmlJNzF2WJVSh940vYWCttnpSeJ8IGAl8S2zWj2N8A6ZdC3H8TVpHHO0s+kgmHfbx\nyz0+v5mtCsXp67dQk8emF3IsTbGF3pP63JgjJC3Yoo6A9dZacPribn1aFdoZ84Cb\nc8A/vcLAjRcItTh8kBufg/HtDyquyJTKeq3wG8kAAAEBAOOtTHJ0agaQ1WpqLjTR\nzcjyJC0sZB43blYBzm6TZENaGZORc+o7yBXHC4I7xlEIGcw/KWJtdOZ6wnX3VIMn\ndcFxmNI0aHmRUSZK17OcIn2jl9ZcwfLakdizUEBmkcQQ+JUoSV/CSA1dnWPWatXP\nLMnD6z9+LAoXP6yEiiQYv1bzdC+MP7SoIZtVkRIaAe9HIdjkllL8Yak5AfNZgwr1\nBeIqGPXISdP8E0NQym8Xccyl95V5CaQqfzlFJq/6N6Sba1CREMdGytaLKUX8Vkno\nIwYGqnrNlfuU1mIOtHZTtULYsIW5YPwTiY9ZXscS1grZORwA/VzSHUbFTtRM3N1S\n82MAAAEBANgM429TXRWSwbBE/V+sEn5iNHoxpE3dSaeFXyPJqUHZAzHgkQw5fPO6\nqi/ao7py+GPVMLvcTUkXEvtLsR9TBeGMdJ7iKk060WQZx2bKfSWqkEbXR5bewWet\nqd2PEPk/HpU2i9ktnkOBYeK+v/8ZGsMgZPS/JfAO5w2z9YEfxww17wLnhcEsuMwy\n9doQzLhhN86hQDPrVfdxkKsuG8vaCoerHCVDqc/IHa26JTOoa/4tcCiSJlqPZOtj\nsJu4CYHj7ko3NNRhAHGYdGJgLWt9Kv1qCPZ4jEd7KKu17OPFzpurRDymUykmY5Ia\n0OUFysUWIZ42o/ADkfZH3l4QCcNqp4EAAAAAAQID\n-----END OPENSSH PRIVATE KEY-----\n",
            "private_key_pem": "-----BEGIN RSA PRIVATE KEY-----\nMIIJKQIBAAKCAgEAwCWu5dSohkqeVyM4gvRuqHiV/6Pj/lkSsQ7s6DIM9PFqKAKY\nrn7Z9qZvKlHKQ4AuBSMknwE3xMXHS35EZuTpJPGakDV0evK3ViCHrvbFSJDVI9M4\niE7z4sre3XYF8cdwFy/mpI8ZvcgD0/QLf1CZmLUgNJ72QYgSF57hNDfpltzHzS7I\nQdEQ1ckfv7U2XXjtP10VkemgAVEFlueOUKur8Bb2SFcQAHcXAVG7tpGoNSyhlcpn\nePjaa45UGlqbrDHwx7J122ZtwB0eezVv+LHqKqJiwPZYwaVAWbgYiBruA6j3Timd\nf+3AmoM7St4ZW9ls6PLQ9ficV+CO32F3RctpdSbY8rZTJKpvK9hM/lZkSQ3mcUda\nRH9/WqS15ddFN3yZX5vdA0OZaQWg7nXOhlzYGHhWclhjnZzxkWMoAtu4C2KalwUn\nuuJlqA8WKV0gNWNpKQhnkOHoSyFK9LrPIz6IhHjMNdK7OxMP63c/DqM70cd2c2li\nPYzNhttngMmjDdazlkLfNQQk1VaYI2c15D1MMlAtVrAX+PqyHvTs59oQP/0l7xFT\nu7KbrBzubsGLagW8q1lsT2x9H+RUUJFrADRLUgWmlgHlajV8uMqwsaqVAjhO+4vq\nba4zozTUkXGlUwLeqr9Zy+QY5NntlEKqbhEhCmqSfOx56xHgdqNh5NOQOeMCAwEA\nAQKCAgAaapPbARuSKtwN+segKV61Rq7IkI2dwD0znmuvmIHzguUnTwQSqVnp8QPD\ne68lDJBHIIe+XHqAUPiPRnK8+qea7qRjQxYaeRf/fUVqJn8E9PR4kmdpRgF9oop1\nQ+6ZSOP+LBW3df0B/GeaUijqffg/6FbfJSOR6tUh7jPj6/PvS7ckXFQnyEhaO+Zj\ngtRQkXl8hp2ai9X1mF/+WSNVr+RZg66kT2PhzH2bLtNxzCCl/tbQMx16oivVMaIa\nZW6Vg+AodD6DxVc9XEN+iOA1/q/E4MJW6QdWyBNKwmaM/7bNRgOJ+Wqv1c3u8C/M\noTA3UnMIq6lSx7Um17aMu2ecbtS2i3mVK4dle1SkxFTYTtQQf4xCWmxhDgJRDk78\nAm0wp9SlR7k58P0Q/W6FbVL4ga8aWADON96qLiVFP4JN1frCsoMg3vxk2TaIBrAp\n4/aDwf90ZuGUr+j1JzTDwaCdbCaH0Ip1B2/O3UvAjQguS4VssZS5xmqnAGiGbMl7\njLggmx/a2V0L3zLbutYYm0nw07vM45LzqbX6phf3kUEngo0Jr2Ufy94egPva8TO7\nnE47nzXGl6wImByJMFawu4ckrQ7nvjmGMCg0m0ju1A9iqhy+163fl9oSjE5AGSa1\nyWbtOYBHGNqBPTqGMBRwYcr1vwrHrqUvIImBuEa8CA+5qt8OAQKCAQEA461McnRq\nBpDVamouNNHNyPIkLSxkHjduVgHObpNkQ1oZk5Fz6jvIFccLgjvGUQgZzD8pYm10\n5nrCdfdUgyd1wXGY0jRoeZFRJkrXs5wifaOX1lzB8tqR2LNQQGaRxBD4lShJX8JI\nDV2dY9Zq1c8sycPrP34sChc/rISKJBi/VvN0L4w/tKghm1WREhoB70ch2OSWUvxh\nqTkB81mDCvUF4ioY9chJ0/wTQ1DKbxdxzKX3lXkJpCp/OUUmr/o3pJtrUJEQx0bK\n1ospRfxWSegjBgaqes2V+5TWYg60dlO1Qtiwhblg/BOJj1lexxLWCtk5HAD9XNId\nRsVO1Ezc3VLzYwKCAQEA2Azjb1NdFZLBsET9X6wSfmI0ejGkTd1Jp4VfI8mpQdkD\nMeCRDDl887qqL9qjunL4Y9Uwu9xNSRcS+0uxH1MF4Yx0nuIqTTrRZBnHZsp9JaqQ\nRtdHlt7BZ62p3Y8Q+T8elTaL2S2eQ4Fh4r6//xkawyBk9L8l8A7nDbP1gR/HDDXv\nAueFwSy4zDL12hDMuGE3zqFAM+tV93GQqy4by9oKh6scJUOpz8gdrbolM6hr/i1w\nKJImWo9k62Owm7gJgePuSjc01GEAcZh0YmAta30q/WoI9niMR3soq7Xs48XOm6tE\nPKZTKSZjkhrQ5QXKxRYhnjaj8AOR9kfeXhAJw2qngQKCAQEAlDLCtyGlvh5afIkf\nCIykea978teZV73XGS7V004njlvAmDiujgJZzCsjB6OnBCnUuQlIA+ShmkDAAY97\nuF9gHAm4YuNwOeloPBetbiEspkFtXUBFkrHJC5g0nabmLQyq8lQl5qoMwn50K39v\nTTssuSzJHSwguHTHoqEnVjWxnoSb1TNiaFKkhXreEj1RkxHnK0onu17CpycPaPqT\n/Pbe3IdwddPoko7bbw7Qph1Jmt9RWD9QEkcDRyEG/LdPrtrnsKqslDo1YA93TzHg\nbP0ohwyhvYvCm98W6P8PYpI8Q4XO6Uxwn8SL3v5aXhSZtLgOn3bZdKjkG6PlGvXp\nMjuDZwKCAQEAz/ygWoTDYMhWRA42aYrqhtadtGDjzr3QcT/5FifGFIkJBVQt7rnN\nK4mw2r69zfluXBVZhBCSKmHXOSpmCkTPrZGcl3Qcyxprh9U1XCRlFAS+PiRzW694\nOwo5M/zNl1UHaRgIy3uaF1yP0kxV4wvU8rHV3rPBnveJwWxUVQk1gvDM9lvSLOST\nxqjsexCfNIUKx5X+i7zrlnmyjsilo7p1VqQIRWt9J3V79Mn1lGR4CkrN5ZDE8XuH\n6P+gflhOdsfpl3LMHgR/+9uLd0UllIv7/de9ZyEn0oyi26MYuTGtM7lNyKFJ/5xg\nUMAWB9Rqnw8uL/RkH+Qf+Rq43I7OB10+gQKCAQBmgKuUWldwgI0bLEVJgc8a4cX6\nkP+9XAA3zR64dyi6/Z9mKhjogbvl+bOwQ87mUKKNLwkWnDvBI85/le8nHKf6FvbG\nAY9BfHcXGtrD4XoWFOABsGNIajHmeSE8M9DNL2rayfrvZKecMF6ZIyNm1oTQ8HyG\nhehCnZJLiSZlNRpdEMhVFZpSTcxdliVUofeNL2FgrbZ6UnifCBgJfEts1o9jfAOm\nXQtx/E1aRxztLPpIJh328cs9Pr+ZrQrF6eu3UJPHphdyLE2xhd6T+tyYIyQt2KKO\ngPXWWnD64m59WhXaGfOAm3PAP73CwI0XCLU4fJAbn4Px7Q8qrsiUynqt8BvJ\n-----END RSA PRIVATE KEY-----\n",
            "private_key_pem_pkcs8": "-----BEGIN PRIVATE KEY-----\nMIIJQwIBADANBgkqhkiG9w0BAQEFAASCCS0wggkpAgEAAoICAQDAJa7l1KiGSp5X\nIziC9G6oeJX/o+P+WRKxDuzoMgz08WooApiuftn2pm8qUcpDgC4FIySfATfExcdL\nfkRm5Okk8ZqQNXR68rdWIIeu9sVIkNUj0ziITvPiyt7ddgXxx3AXL+akjxm9yAPT\n9At/UJmYtSA0nvZBiBIXnuE0N+mW3MfNLshB0RDVyR+/tTZdeO0/XRWR6aABUQWW\n545Qq6vwFvZIVxAAdxcBUbu2kag1LKGVymd4+NprjlQaWpusMfDHsnXbZm3AHR57\nNW/4seoqomLA9ljBpUBZuBiIGu4DqPdOKZ1/7cCagztK3hlb2Wzo8tD1+JxX4I7f\nYXdFy2l1JtjytlMkqm8r2Ez+VmRJDeZxR1pEf39apLXl10U3fJlfm90DQ5lpBaDu\ndc6GXNgYeFZyWGOdnPGRYygC27gLYpqXBSe64mWoDxYpXSA1Y2kpCGeQ4ehLIUr0\nus8jPoiEeMw10rs7Ew/rdz8OozvRx3ZzaWI9jM2G22eAyaMN1rOWQt81BCTVVpgj\nZzXkPUwyUC1WsBf4+rIe9Ozn2hA//SXvEVO7spusHO5uwYtqBbyrWWxPbH0f5FRQ\nkWsANEtSBaaWAeVqNXy4yrCxqpUCOE77i+ptrjOjNNSRcaVTAt6qv1nL5Bjk2e2U\nQqpuESEKapJ87HnrEeB2o2Hk05A54wIDAQABAoICABpqk9sBG5Iq3A36x6ApXrVG\nrsiQjZ3APTOea6+YgfOC5SdPBBKpWenxA8N7ryUMkEcgh75ceoBQ+I9Gcrz6p5ru\npGNDFhp5F/99RWomfwT09HiSZ2lGAX2iinVD7plI4/4sFbd1/QH8Z5pSKOp9+D/o\nVt8lI5Hq1SHuM+Pr8+9LtyRcVCfISFo75mOC1FCReXyGnZqL1fWYX/5ZI1Wv5FmD\nrqRPY+HMfZsu03HMIKX+1tAzHXqiK9UxohplbpWD4Ch0PoPFVz1cQ36I4DX+r8Tg\nwlbpB1bIE0rCZoz/ts1GA4n5aq/Vze7wL8yhMDdScwirqVLHtSbXtoy7Z5xu1LaL\neZUrh2V7VKTEVNhO1BB/jEJabGEOAlEOTvwCbTCn1KVHuTnw/RD9boVtUviBrxpY\nAM433qouJUU/gk3V+sKygyDe/GTZNogGsCnj9oPB/3Rm4ZSv6PUnNMPBoJ1sJofQ\ninUHb87dS8CNCC5LhWyxlLnGaqcAaIZsyXuMuCCbH9rZXQvfMtu61hibSfDTu8zj\nkvOptfqmF/eRQSeCjQmvZR/L3h6A+9rxM7ucTjufNcaXrAiYHIkwVrC7hyStDue+\nOYYwKDSbSO7UD2KqHL7Xrd+X2hKMTkAZJrXJZu05gEcY2oE9OoYwFHBhyvW/Cseu\npS8giYG4RrwID7mq3w4BAoIBAQDjrUxydGoGkNVqai400c3I8iQtLGQeN25WAc5u\nk2RDWhmTkXPqO8gVxwuCO8ZRCBnMPylibXTmesJ191SDJ3XBcZjSNGh5kVEmStez\nnCJ9o5fWXMHy2pHYs1BAZpHEEPiVKElfwkgNXZ1j1mrVzyzJw+s/fiwKFz+shIok\nGL9W83QvjD+0qCGbVZESGgHvRyHY5JZS/GGpOQHzWYMK9QXiKhj1yEnT/BNDUMpv\nF3HMpfeVeQmkKn85RSav+jekm2tQkRDHRsrWiylF/FZJ6CMGBqp6zZX7lNZiDrR2\nU7VC2LCFuWD8E4mPWV7HEtYK2TkcAP1c0h1GxU7UTNzdUvNjAoIBAQDYDONvU10V\nksGwRP1frBJ+YjR6MaRN3UmnhV8jyalB2QMx4JEMOXzzuqov2qO6cvhj1TC73E1J\nFxL7S7EfUwXhjHSe4ipNOtFkGcdmyn0lqpBG10eW3sFnrandjxD5Px6VNovZLZ5D\ngWHivr//GRrDIGT0vyXwDucNs/WBH8cMNe8C54XBLLjMMvXaEMy4YTfOoUAz61X3\ncZCrLhvL2gqHqxwlQ6nPyB2tuiUzqGv+LXAokiZaj2TrY7CbuAmB4+5KNzTUYQBx\nmHRiYC1rfSr9agj2eIxHeyirtezjxc6bq0Q8plMpJmOSGtDlBcrFFiGeNqPwA5H2\nR95eEAnDaqeBAoIBAQCUMsK3IaW+Hlp8iR8IjKR5r3vy15lXvdcZLtXTTieOW8CY\nOK6OAlnMKyMHo6cEKdS5CUgD5KGaQMABj3u4X2AcCbhi43A56Wg8F61uISymQW1d\nQEWSsckLmDSdpuYtDKryVCXmqgzCfnQrf29NOyy5LMkdLCC4dMeioSdWNbGehJvV\nM2JoUqSFet4SPVGTEecrSie7XsKnJw9o+pP89t7ch3B10+iSjttvDtCmHUma31FY\nP1ASRwNHIQb8t0+u2uewqqyUOjVgD3dPMeBs/SiHDKG9i8Kb3xbo/w9ikjxDhc7p\nTHCfxIve/lpeFJm0uA6fdtl0qOQbo+Ua9ekyO4NnAoIBAQDP/KBahMNgyFZEDjZp\niuqG1p20YOPOvdBxP/kWJ8YUiQkFVC3uuc0ribDavr3N+W5cFVmEEJIqYdc5KmYK\nRM+tkZyXdBzLGmuH1TVcJGUUBL4+JHNbr3g7Cjkz/M2XVQdpGAjLe5oXXI/STFXj\nC9TysdXes8Ge94nBbFRVCTWC8Mz2W9Is5JPGqOx7EJ80hQrHlf6LvOuWebKOyKWj\nunVWpAhFa30ndXv0yfWUZHgKSs3lkMTxe4fo/6B+WE52x+mXcsweBH/724t3RSWU\ni/v9171nISfSjKLboxi5Ma0zuU3IoUn/nGBQwBYH1GqfDy4v9GQf5B/5Grjcjs4H\nXT6BAoIBAGaAq5RaV3CAjRssRUmBzxrhxfqQ/71cADfNHrh3KLr9n2YqGOiBu+X5\ns7BDzuZQoo0vCRacO8Ejzn+V7yccp/oW9sYBj0F8dxca2sPhehYU4AGwY0hqMeZ5\nITwz0M0vatrJ+u9kp5wwXpkjI2bWhNDwfIaF6EKdkkuJJmU1Gl0QyFUVmlJNzF2W\nJVSh940vYWCttnpSeJ8IGAl8S2zWj2N8A6ZdC3H8TVpHHO0s+kgmHfbxyz0+v5mt\nCsXp67dQk8emF3IsTbGF3pP63JgjJC3Yoo6A9dZacPribn1aFdoZ84Cbc8A/vcLA\njRcItTh8kBufg/HtDyquyJTKeq3wG8k=\n-----END PRIVATE KEY-----\n",
            "public_key_fingerprint_md5": "32:2a:69:fc:db:2f:91:01:82:5f:92:99:4e:d4:9e:1a",
            "public_key_fingerprint_sha256": "SHA256:hcn56OrdOnn8NM/h0IzwHkWfqc109FCittk7q0mL+vU",
            "public_key_openssh": "ssh-rsa AAAAB3NzaC1yc2EAAAADAQABAAACAQDAJa7l1KiGSp5XIziC9G6oeJX/o+P+WRKxDuzoMgz08WooApiuftn2pm8qUcpDgC4FIySfATfExcdLfkRm5Okk8ZqQNXR68rdWIIeu9sVIkNUj0ziITvPiyt7ddgXxx3AXL+akjxm9yAPT9At/UJmYtSA0nvZBiBIXnuE0N+mW3MfNLshB0RDVyR+/tTZdeO0/XRWR6aABUQWW545Qq6vwFvZIVxAAdxcBUbu2kag1LKGVymd4+NprjlQaWpusMfDHsnXbZm3AHR57NW/4seoqomLA9ljBpUBZuBiIGu4DqPdOKZ1/7cCagztK3hlb2Wzo8tD1+JxX4I7fYXdFy2l1JtjytlMkqm8r2Ez+VmRJDeZxR1pEf39apLXl10U3fJlfm90DQ5lpBaDudc6GXNgYeFZyWGOdnPGRYygC27gLYpqXBSe64mWoDxYpXSA1Y2kpCGeQ4ehLIUr0us8jPoiEeMw10rs7Ew/rdz8OozvRx3ZzaWI9jM2G22eAyaMN1rOWQt81BCTVVpgjZzXkPUwyUC1WsBf4+rIe9Ozn2hA//SXvEVO7spusHO5uwYtqBbyrWWxPbH0f5FRQkWsANEtSBaaWAeVqNXy4yrCxqpUCOE77i+ptrjOjNNSRcaVTAt6qv1nL5Bjk2e2UQqpuESEKapJ87HnrEeB2o2Hk05A54w==\n",
            "public_key_pem": "-----BEGIN PUBLIC KEY-----\nMIICIjANBgkqhkiG9w0BAQEFAAOCAg8AMIICCgKCAgEAwCWu5dSohkqeVyM4gvRu\nqHiV/6Pj/lkSsQ7s6DIM9PFqKAKYrn7Z9qZvKlHKQ4AuBSMknwE3xMXHS35EZuTp\nJPGakDV0evK3ViCHrvbFSJDVI9M4iE7z4sre3XYF8cdwFy/mpI8ZvcgD0/QLf1CZ\nmLUgNJ72QYgSF57hNDfpltzHzS7IQdEQ1ckfv7U2XXjtP10VkemgAVEFlueOUKur\n8Bb2SFcQAHcXAVG7tpGoNSyhlcpnePjaa45UGlqbrDHwx7J122ZtwB0eezVv+LHq\nKqJiwPZYwaVAWbgYiBruA6j3Timdf+3AmoM7St4ZW9ls6PLQ9ficV+CO32F3Rctp\ndSbY8rZTJKpvK9hM/lZkSQ3mcUdaRH9/WqS15ddFN3yZX5vdA0OZaQWg7nXOhlzY\nGHhWclhjnZzxkWMoAtu4C2KalwUnuuJlqA8WKV0gNWNpKQhnkOHoSyFK9LrPIz6I\nhHjMNdK7OxMP63c/DqM70cd2c2liPYzNhttngMmjDdazlkLfNQQk1VaYI2c15D1M\nMlAtVrAX+PqyHvTs59oQP/0l7xFTu7KbrBzubsGLagW8q1lsT2x9H+RUUJFrADRL\nUgWmlgHlajV8uMqwsaqVAjhO+4vqba4zozTUkXGlUwLeqr9Zy+QY5NntlEKqbhEh\nCmqSfOx56xHgdqNh5NOQOeMCAwEAAQ==\n-----END PUBLIC KEY-----\n",
            "rsa_bits": 4096
          },
          "sensitive_attributes": []
        }
      ]
    },
    {
      "mode": "managed",
      "type": "tls_self_signed_cert",
      "name": "self_signed_cert",
      "provider": "provider[\"registry.terraform.io/hashicorp/tls\"]",
      "instances": [
        {
          "schema_version": 0,
          "attributes": {
            "allowed_uses": [],
            "cert_pem": "-----BEGIN CERTIFICATE-----\nMIIEmjCCAoKgAwIBAgIQT77MRKb/bDh+eBSCLFCN5DANBgkqhkiG9w0BAQsFADAA\nMB4XDTIzMTAwMzE1MDYwMFoXDTIzMTAwNDAzMDYwMFowADCCAiIwDQYJKoZIhvcN\nAQEBBQADggIPADCCAgoCggIBAMAlruXUqIZKnlcjOIL0bqh4lf+j4/5ZErEO7Ogy\nDPTxaigCmK5+2fambypRykOALgUjJJ8BN8TFx0t+RGbk6STxmpA1dHryt1Ygh672\nxUiQ1SPTOIhO8+LK3t12BfHHcBcv5qSPGb3IA9P0C39QmZi1IDSe9kGIEhee4TQ3\n6Zbcx80uyEHRENXJH7+1Nl147T9dFZHpoAFRBZbnjlCrq/AW9khXEAB3FwFRu7aR\nqDUsoZXKZ3j42muOVBpam6wx8MeyddtmbcAdHns1b/ix6iqiYsD2WMGlQFm4GIga\n7gOo904pnX/twJqDO0reGVvZbOjy0PX4nFfgjt9hd0XLaXUm2PK2UySqbyvYTP5W\nZEkN5nFHWkR/f1qkteXXRTd8mV+b3QNDmWkFoO51zoZc2Bh4VnJYY52c8ZFjKALb\nuAtimpcFJ7riZagPFildIDVjaSkIZ5Dh6EshSvS6zyM+iIR4zDXSuzsTD+t3Pw6j\nO9HHdnNpYj2MzYbbZ4DJow3Ws5ZC3zUEJNVWmCNnNeQ9TDJQLVawF/j6sh707Ofa\nED/9Je8RU7uym6wc7m7Bi2oFvKtZbE9sfR/kVFCRawA0S1IFppYB5Wo1fLjKsLGq\nlQI4TvuL6m2uM6M01JFxpVMC3qq/WcvkGOTZ7ZRCqm4RIQpqknzseesR4HajYeTT\nkDnjAgMBAAGjEDAOMAwGA1UdEwEB/wQCMAAwDQYJKoZIhvcNAQELBQADggIBAF8/\nclhAnva7eoKJXpfcQJ5TJrwNRbn5pRvreQAOtCUEGxU5Tpz3ZeedGlu4B69QM+P4\nQkZvlU/c0ipx0LsW35haR/xCRBqpRdYdxDUUTW8DgbpTmU2ymLQw7o4NBbbjJAg6\nKaAWHeP7lRqVGOGmc1/r7yhsHFr1Jl+MeFDKLo2NJ/OUm3nU5ygFQ0u8rp8hwYtP\nn2YSkw9xTQV1CxO/3e2aXbL+878MNN8jr2jWSsAHLM7pqYz+4cXnWHtSqDzIEE97\no3vG5P7lHedx4ol2DVGlioH7xhTyAcYzkwdp7r6OZsOUv4/svvMd+9MsLu3nLrPY\n5CyNOus5B+29jXmVgJSK/CsJb6pVARSQq2cxwuZX8ktPMBl46Jyg5/meOI7a7x0l\nBhYbfcGBd1UgNZD0pScwjinmdU9IjSHEi9tHhASuTJr2noMfaGn+7nwcovIyUiQ3\nsH7d91OQvfpezC67WG7SA07AIlFYKx0i3lFGtEzOA6HrjinSHTGFmm/CBF3xDJFV\nlM5IYKvibe8RrnqmqXSQGltF0r/a6Esg8Yc3+3x/rfhV3gdDE9zCqeypyHFG6EvX\nqe6IMwgyklLX1BsNCAn14zNZWDYLNizxr6PnKjRR8PfHCAxiWu5dpKAIsRyIizMB\n19Coo5wbZoKiGZC1JdqzLT2t17/ojTy2nyOiCRDm\n-----END CERTIFICATE-----\n",
            "dns_names": null,
            "early_renewal_hours": 0,
            "id": "105999691120887465891618879957537689060",
            "ip_addresses": null,
            "is_ca_certificate": false,
            "key_algorithm": "RSA",
            "private_key_pem": "-----BEGIN RSA PRIVATE KEY-----\nMIIJKQIBAAKCAgEAwCWu5dSohkqeVyM4gvRuqHiV/6Pj/lkSsQ7s6DIM9PFqKAKY\nrn7Z9qZvKlHKQ4AuBSMknwE3xMXHS35EZuTpJPGakDV0evK3ViCHrvbFSJDVI9M4\niE7z4sre3XYF8cdwFy/mpI8ZvcgD0/QLf1CZmLUgNJ72QYgSF57hNDfpltzHzS7I\nQdEQ1ckfv7U2XXjtP10VkemgAVEFlueOUKur8Bb2SFcQAHcXAVG7tpGoNSyhlcpn\nePjaa45UGlqbrDHwx7J122ZtwB0eezVv+LHqKqJiwPZYwaVAWbgYiBruA6j3Timd\nf+3AmoM7St4ZW9ls6PLQ9ficV+CO32F3RctpdSbY8rZTJKpvK9hM/lZkSQ3mcUda\nRH9/WqS15ddFN3yZX5vdA0OZaQWg7nXOhlzYGHhWclhjnZzxkWMoAtu4C2KalwUn\nuuJlqA8WKV0gNWNpKQhnkOHoSyFK9LrPIz6IhHjMNdK7OxMP63c/DqM70cd2c2li\nPYzNhttngMmjDdazlkLfNQQk1VaYI2c15D1MMlAtVrAX+PqyHvTs59oQP/0l7xFT\nu7KbrBzubsGLagW8q1lsT2x9H+RUUJFrADRLUgWmlgHlajV8uMqwsaqVAjhO+4vq\nba4zozTUkXGlUwLeqr9Zy+QY5NntlEKqbhEhCmqSfOx56xHgdqNh5NOQOeMCAwEA\nAQKCAgAaapPbARuSKtwN+segKV61Rq7IkI2dwD0znmuvmIHzguUnTwQSqVnp8QPD\ne68lDJBHIIe+XHqAUPiPRnK8+qea7qRjQxYaeRf/fUVqJn8E9PR4kmdpRgF9oop1\nQ+6ZSOP+LBW3df0B/GeaUijqffg/6FbfJSOR6tUh7jPj6/PvS7ckXFQnyEhaO+Zj\ngtRQkXl8hp2ai9X1mF/+WSNVr+RZg66kT2PhzH2bLtNxzCCl/tbQMx16oivVMaIa\nZW6Vg+AodD6DxVc9XEN+iOA1/q/E4MJW6QdWyBNKwmaM/7bNRgOJ+Wqv1c3u8C/M\noTA3UnMIq6lSx7Um17aMu2ecbtS2i3mVK4dle1SkxFTYTtQQf4xCWmxhDgJRDk78\nAm0wp9SlR7k58P0Q/W6FbVL4ga8aWADON96qLiVFP4JN1frCsoMg3vxk2TaIBrAp\n4/aDwf90ZuGUr+j1JzTDwaCdbCaH0Ip1B2/O3UvAjQguS4VssZS5xmqnAGiGbMl7\njLggmx/a2V0L3zLbutYYm0nw07vM45LzqbX6phf3kUEngo0Jr2Ufy94egPva8TO7\nnE47nzXGl6wImByJMFawu4ckrQ7nvjmGMCg0m0ju1A9iqhy+163fl9oSjE5AGSa1\nyWbtOYBHGNqBPTqGMBRwYcr1vwrHrqUvIImBuEa8CA+5qt8OAQKCAQEA461McnRq\nBpDVamouNNHNyPIkLSxkHjduVgHObpNkQ1oZk5Fz6jvIFccLgjvGUQgZzD8pYm10\n5nrCdfdUgyd1wXGY0jRoeZFRJkrXs5wifaOX1lzB8tqR2LNQQGaRxBD4lShJX8JI\nDV2dY9Zq1c8sycPrP34sChc/rISKJBi/VvN0L4w/tKghm1WREhoB70ch2OSWUvxh\nqTkB81mDCvUF4ioY9chJ0/wTQ1DKbxdxzKX3lXkJpCp/OUUmr/o3pJtrUJEQx0bK\n1ospRfxWSegjBgaqes2V+5TWYg60dlO1Qtiwhblg/BOJj1lexxLWCtk5HAD9XNId\nRsVO1Ezc3VLzYwKCAQEA2Azjb1NdFZLBsET9X6wSfmI0ejGkTd1Jp4VfI8mpQdkD\nMeCRDDl887qqL9qjunL4Y9Uwu9xNSRcS+0uxH1MF4Yx0nuIqTTrRZBnHZsp9JaqQ\nRtdHlt7BZ62p3Y8Q+T8elTaL2S2eQ4Fh4r6//xkawyBk9L8l8A7nDbP1gR/HDDXv\nAueFwSy4zDL12hDMuGE3zqFAM+tV93GQqy4by9oKh6scJUOpz8gdrbolM6hr/i1w\nKJImWo9k62Owm7gJgePuSjc01GEAcZh0YmAta30q/WoI9niMR3soq7Xs48XOm6tE\nPKZTKSZjkhrQ5QXKxRYhnjaj8AOR9kfeXhAJw2qngQKCAQEAlDLCtyGlvh5afIkf\nCIykea978teZV73XGS7V004njlvAmDiujgJZzCsjB6OnBCnUuQlIA+ShmkDAAY97\nuF9gHAm4YuNwOeloPBetbiEspkFtXUBFkrHJC5g0nabmLQyq8lQl5qoMwn50K39v\nTTssuSzJHSwguHTHoqEnVjWxnoSb1TNiaFKkhXreEj1RkxHnK0onu17CpycPaPqT\n/Pbe3IdwddPoko7bbw7Qph1Jmt9RWD9QEkcDRyEG/LdPrtrnsKqslDo1YA93TzHg\nbP0ohwyhvYvCm98W6P8PYpI8Q4XO6Uxwn8SL3v5aXhSZtLgOn3bZdKjkG6PlGvXp\nMjuDZwKCAQEAz/ygWoTDYMhWRA42aYrqhtadtGDjzr3QcT/5FifGFIkJBVQt7rnN\nK4mw2r69zfluXBVZhBCSKmHXOSpmCkTPrZGcl3Qcyxprh9U1XCRlFAS+PiRzW694\nOwo5M/zNl1UHaRgIy3uaF1yP0kxV4wvU8rHV3rPBnveJwWxUVQk1gvDM9lvSLOST\nxqjsexCfNIUKx5X+i7zrlnmyjsilo7p1VqQIRWt9J3V79Mn1lGR4CkrN5ZDE8XuH\n6P+gflhOdsfpl3LMHgR/+9uLd0UllIv7/de9ZyEn0oyi26MYuTGtM7lNyKFJ/5xg\nUMAWB9Rqnw8uL/RkH+Qf+Rq43I7OB10+gQKCAQBmgKuUWldwgI0bLEVJgc8a4cX6\nkP+9XAA3zR64dyi6/Z9mKhjogbvl+bOwQ87mUKKNLwkWnDvBI85/le8nHKf6FvbG\nAY9BfHcXGtrD4XoWFOABsGNIajHmeSE8M9DNL2rayfrvZKecMF6ZIyNm1oTQ8HyG\nhehCnZJLiSZlNRpdEMhVFZpSTcxdliVUofeNL2FgrbZ6UnifCBgJfEts1o9jfAOm\nXQtx/E1aRxztLPpIJh328cs9Pr+ZrQrF6eu3UJPHphdyLE2xhd6T+tyYIyQt2KKO\ngPXWWnD64m59WhXaGfOAm3PAP73CwI0XCLU4fJAbn4Px7Q8qrsiUynqt8BvJ\n-----END RSA PRIVATE KEY-----\n",
            "ready_for_renewal": false,
            "set_authority_key_id": false,
            "set_subject_key_id": false,
            "subject": [],
            "uris": null,
            "validity_end_time": "2023-10-04T05:06:00.66594+02:00",
            "validity_period_hours": 12,
            "validity_start_time": "2023-10-03T17:06:00.66594+02:00"
          },
          "sensitive_attributes": [
            [
              {
                "type": "get_attr",
                "value": "private_key_pem"
              }
            ]
          ],
          "dependencies": [
            "tls_private_key.self_signed_key"
          ]
        }
      ]
    }
  ],
  "check_results": null
}
